PODS:
  - Date+Previous (1.0)
  - Date+WithoutTime (1.0)
  - DayDatePicker (1.5)
  - INSPhotoGallery (1.2.5)
  - JTCalendar (2.2.1)
  - SZTextView (1.3.0)

DEPENDENCIES:
  - Date+Previous
  - Date+WithoutTime
  - DayDatePicker
  - INSPhotoGallery
  - JTCalendar
  - SZTextView

SPEC CHECKSUMS:
  Date+Previous: 6ed6d612b6aecb620f279c0b33e7b59e882eee39
  Date+WithoutTime: f6cb44bd2d2d348d62567591b53b244f2379591f
  DayDatePicker: fc2c53e23179995d50f4db40cd139d1a5c0174e8
  INSPhotoGallery: 8bd5b434e70d06dd698085f8e865f6602d82014b
  JTCalendar: be9e781229c6e539d9b71267560410886cd65cfb
  SZTextView: 094dc6acc9beec537685c545d6e3e0d4975174e1

PODFILE CHECKSUM: 84f628ffaf3648dae1f5db604af8f67fb4d53ae7

COCOAPODS: 1.4.0
