// !$*UTF8*$!
{
	archiveVersion = 1;
	classes = {
	};
	objectVersion = 48;
	objects = {

/* Begin PBXBuildFile section */
		1E0572CF20321D7E00CCFD2A /* Assets.xcassets in Resources */ = {isa = PBXBuildFile; fileRef = 1EF6A8A5201D030F009F2BC7 /* Assets.xcassets */; };
		1E09A0C9203B006500AF9228 /* AttachmentViewModel.swift in Sources */ = {isa = PBXBuildFile; fileRef = 1E09A0C8203B006500AF9228 /* AttachmentViewModel.swift */; };
		1E09A0CA203B006500AF9228 /* AttachmentViewModel.swift in Sources */ = {isa = PBXBuildFile; fileRef = 1E09A0C8203B006500AF9228 /* AttachmentViewModel.swift */; };
		1E09A0CC203B00FC00AF9228 /* ImageAttachmentViewModel.swift in Sources */ = {isa = PBXBuildFile; fileRef = 1E09A0CB203B00FC00AF9228 /* ImageAttachmentViewModel.swift */; };
		1E09A0CD203B00FC00AF9228 /* ImageAttachmentViewModel.swift in Sources */ = {isa = PBXBuildFile; fileRef = 1E09A0CB203B00FC00AF9228 /* ImageAttachmentViewModel.swift */; };
		1E09A0CF203B02FB00AF9228 /* UrlAttachmentViewModel.swift in Sources */ = {isa = PBXBuildFile; fileRef = 1E09A0CE203B02FB00AF9228 /* UrlAttachmentViewModel.swift */; };
		1E09A0D0203B02FB00AF9228 /* UrlAttachmentViewModel.swift in Sources */ = {isa = PBXBuildFile; fileRef = 1E09A0CE203B02FB00AF9228 /* UrlAttachmentViewModel.swift */; };
		1E09A0D1203B0A3600AF9228 /* Date+OrdinalIndicatorString.swift in Sources */ = {isa = PBXBuildFile; fileRef = 1E5D7AB72028F26500DF39F1 /* Date+OrdinalIndicatorString.swift */; };
		1E244325202E05F000E9DC68 /* SafariServices.framework in Frameworks */ = {isa = PBXBuildFile; fileRef = 1E244324202E05EF00E9DC68 /* SafariServices.framework */; };
		1E268A442039D1F100C227DA /* HomeworkTableViewCell.xib in Resources */ = {isa = PBXBuildFile; fileRef = 1E268A432039D1F100C227DA /* HomeworkTableViewCell.xib */; };
		1E268A452039D8EB00C227DA /* HomeworkTableViewCell.xib in Resources */ = {isa = PBXBuildFile; fileRef = 1E268A432039D1F100C227DA /* HomeworkTableViewCell.xib */; };
		1E268A472039D92600C227DA /* LessonTableViewCell.xib in Resources */ = {isa = PBXBuildFile; fileRef = 1E268A462039D92600C227DA /* LessonTableViewCell.xib */; };
		1E268A4A2039DAE800C227DA /* HomeworkViewModel.swift in Sources */ = {isa = PBXBuildFile; fileRef = 1E268A492039DAE800C227DA /* HomeworkViewModel.swift */; };
		1E268A4C2039DAF300C227DA /* SubjectViewModel.swift in Sources */ = {isa = PBXBuildFile; fileRef = 1E268A4B2039DAF300C227DA /* SubjectViewModel.swift */; };
		1E268A4E2039E69600C227DA /* LessonViewModel.swift in Sources */ = {isa = PBXBuildFile; fileRef = 1E268A4D2039E69600C227DA /* LessonViewModel.swift */; };
		1E268A512039E75D00C227DA /* HomeworkViewModel.swift in Sources */ = {isa = PBXBuildFile; fileRef = 1E268A492039DAE800C227DA /* HomeworkViewModel.swift */; };
		1E268A522039E75D00C227DA /* SubjectViewModel.swift in Sources */ = {isa = PBXBuildFile; fileRef = 1E268A4B2039DAF300C227DA /* SubjectViewModel.swift */; };
		1E268A532039E75D00C227DA /* LessonViewModel.swift in Sources */ = {isa = PBXBuildFile; fileRef = 1E268A4D2039E69600C227DA /* LessonViewModel.swift */; };
		1E3998422021F62B002DFFA3 /* PanelView.swift in Sources */ = {isa = PBXBuildFile; fileRef = 1E3998412021F62B002DFFA3 /* PanelView.swift */; };
		1E39984620220BF1002DFFA3 /* Localizable.strings in Resources */ = {isa = PBXBuildFile; fileRef = 1E39984420220BF1002DFFA3 /* Localizable.strings */; };
		1E672408202DFB52000A0B95 /* CreateImageAttachmentViewController.swift in Sources */ = {isa = PBXBuildFile; fileRef = 1E672407202DFB52000A0B95 /* CreateImageAttachmentViewController.swift */; };
		1E67240A202DFC2A000A0B95 /* CreateAttachmentViewController.swift in Sources */ = {isa = PBXBuildFile; fileRef = 1E672409202DFC2A000A0B95 /* CreateAttachmentViewController.swift */; };
		1E6B91BB2021E4D10019FC5D /* SelectColorView.swift in Sources */ = {isa = PBXBuildFile; fileRef = 1E6B91BA2021E4D10019FC5D /* SelectColorView.swift */; };
		1E7DCBCA202DAAB800C7B1BC /* AttachmentsViewController.swift in Sources */ = {isa = PBXBuildFile; fileRef = 1E7DCBC9202DAAB800C7B1BC /* AttachmentsViewController.swift */; };
		1E7DCBCE202DAC2E00C7B1BC /* CreateUrlAttachmentViewController.swift in Sources */ = {isa = PBXBuildFile; fileRef = 1E7DCBCD202DAC2E00C7B1BC /* CreateUrlAttachmentViewController.swift */; };
		1E7DCBD0202DAD5800C7B1BC /* ActionsView.swift in Sources */ = {isa = PBXBuildFile; fileRef = 1E7DCBCF202DAD5800C7B1BC /* ActionsView.swift */; };
		1E8EFA0E2028FA7B003D711C /* TimetableViewController.swift in Sources */ = {isa = PBXBuildFile; fileRef = 1E8EFA0D2028FA7B003D711C /* TimetableViewController.swift */; };
		1E8EFA142029DAAB003D711C /* CreateLessonViewController.swift in Sources */ = {isa = PBXBuildFile; fileRef = 1E8EFA132029DAAB003D711C /* CreateLessonViewController.swift */; };
		1E8EFA1A2029DC31003D711C /* TimePickerViewController.swift in Sources */ = {isa = PBXBuildFile; fileRef = 1E8EFA192029DC31003D711C /* TimePickerViewController.swift */; };
		1E94DCFC203494B300BC3117 /* UINavigationController+Replace.swift in Sources */ = {isa = PBXBuildFile; fileRef = 1E94DCFB203494B300BC3117 /* UINavigationController+Replace.swift */; };
		1E983D872039C1CE0050D10F /* UIViewController+ShowAlert.swift in Sources */ = {isa = PBXBuildFile; fileRef = 1EBA2678201D48390042E03D /* UIViewController+ShowAlert.swift */; };
		1E983D882039C1D70050D10F /* EditableViewController.swift in Sources */ = {isa = PBXBuildFile; fileRef = 1E94DD0120349B8600BC3117 /* EditableViewController.swift */; };
		1E983D892039C1D70050D10F /* DayViewController.swift in Sources */ = {isa = PBXBuildFile; fileRef = 1EC2ACAF2031B9AF00969D3A /* DayViewController.swift */; };
		1E983D8A2039C1D70050D10F /* DataViewController.swift in Sources */ = {isa = PBXBuildFile; fileRef = 1E94DCF8203492D700BC3117 /* DataViewController.swift */; };
		1E983D8B2039C1E00050D10F /* ColorTableViewCell.swift in Sources */ = {isa = PBXBuildFile; fileRef = 1ECDFFC4202C870C005A4731 /* ColorTableViewCell.swift */; };
		1E983D8C2039C1E00050D10F /* LessonTableViewCell.swift in Sources */ = {isa = PBXBuildFile; fileRef = 1E8EFA0F2028FCBB003D711C /* LessonTableViewCell.swift */; };
		1E983D8D2039C1E00050D10F /* BackupView.swift in Sources */ = {isa = PBXBuildFile; fileRef = 1E53286B2030AD01007AD7AC /* BackupView.swift */; };
		1E983D8E2039C1E00050D10F /* SubjectTableViewCell.swift in Sources */ = {isa = PBXBuildFile; fileRef = 1EBA267B201D498A0042E03D /* SubjectTableViewCell.swift */; };
		1E983D8F2039C1E00050D10F /* HomeworkTableViewCell.swift in Sources */ = {isa = PBXBuildFile; fileRef = 1EBC88EC202896E1003937FD /* HomeworkTableViewCell.swift */; };
		1E983D902039C2300050D10F /* HomeworkTests.swift in Sources */ = {isa = PBXBuildFile; fileRef = 1EEF71172031FEC100DF8442 /* HomeworkTests.swift */; };
		1E983D912039C2300050D10F /* SubjectTests.swift in Sources */ = {isa = PBXBuildFile; fileRef = 1E0572CD203208A600CCFD2A /* SubjectTests.swift */; };
		1E983D922039C2340050D10F /* UIColor+StringTests.swift in Sources */ = {isa = PBXBuildFile; fileRef = 1EEF70FB2031F72B00DF8442 /* UIColor+StringTests.swift */; };
		1E983D932039C2340050D10F /* Date+FormattedDayNameTests.swift in Sources */ = {isa = PBXBuildFile; fileRef = 1EEF71132031FBF300DF8442 /* Date+FormattedDayNameTests.swift */; };
		1E983D942039C2340050D10F /* Date+OrdinalIndicatorStringTests.swift in Sources */ = {isa = PBXBuildFile; fileRef = 1EEF71062031F96F00DF8442 /* Date+OrdinalIndicatorStringTests.swift */; };
		1E983D982039C23B0050D10F /* Day.swift in Sources */ = {isa = PBXBuildFile; fileRef = 1E122C9B202A138400506B71 /* Day.swift */; };
		1E983D992039C23B0050D10F /* CoreDataStorage.swift in Sources */ = {isa = PBXBuildFile; fileRef = 1EC2AC772031A24E00969D3A /* CoreDataStorage.swift */; };
		1E983D9B2039C23B0050D10F /* Timetable.swift in Sources */ = {isa = PBXBuildFile; fileRef = 1E66A989203722C9009D7562 /* Timetable.swift */; };
		1E983D9C2039C23B0050D10F /* LegacyImporter.swift in Sources */ = {isa = PBXBuildFile; fileRef = 1E05737320323CBF00CCFD2A /* LegacyImporter.swift */; };
		1E983D9D2039C23B0050D10F /* DataInjector.swift in Sources */ = {isa = PBXBuildFile; fileRef = 1E906BAD203461FF00762A5A /* DataInjector.swift */; };
		1E983D9E2039C23B0050D10F /* InAppPurchase.swift in Sources */ = {isa = PBXBuildFile; fileRef = 1ECB7F732030832B00858162 /* InAppPurchase.swift */; };
		1E983DA12039C23F0050D10F /* Date+OrdinalIndicatorString.swift in Sources */ = {isa = PBXBuildFile; fileRef = 1E5D7AB72028F26500DF39F1 /* Date+OrdinalIndicatorString.swift */; };
		1E983DA22039C24A0050D10F /* Homework_Planner.xcdatamodeld in Sources */ = {isa = PBXBuildFile; fileRef = 1EF6A8A2201D030F009F2BC7 /* Homework_Planner.xcdatamodeld */; };
		1E983DA32039C2590050D10F /* UIBarButtonItem+SetHidden.swift in Sources */ = {isa = PBXBuildFile; fileRef = 1E244328202E1EAD00E9DC68 /* UIBarButtonItem+SetHidden.swift */; };
		1E983DA42039C2590050D10F /* UIView+Borders.swift in Sources */ = {isa = PBXBuildFile; fileRef = 1E94DD062034B48F00BC3117 /* UIView+Borders.swift */; };
		1E983DA52039C2590050D10F /* UIView+FadeInOut.swift in Sources */ = {isa = PBXBuildFile; fileRef = 1EBC88EA20289457003937FD /* UIView+FadeInOut.swift */; };
		1E983DA62039C2590050D10F /* UIView+FindViewWithClassNamed.swift in Sources */ = {isa = PBXBuildFile; fileRef = 1EE7EBE1202B17DA0093ED37 /* UIView+FindViewWithClassNamed.swift */; };
		1E983DA72039C3360050D10F /* DayViewController.swift in Sources */ = {isa = PBXBuildFile; fileRef = 1EC2ACAF2031B9AF00969D3A /* DayViewController.swift */; };
		1E983DA82039C3410050D10F /* DataViewController.swift in Sources */ = {isa = PBXBuildFile; fileRef = 1E94DCF8203492D700BC3117 /* DataViewController.swift */; };
		1E983DA92039C34A0050D10F /* Homework_Planner.xcdatamodeld in Sources */ = {isa = PBXBuildFile; fileRef = 1EF6A8A2201D030F009F2BC7 /* Homework_Planner.xcdatamodeld */; };
		1E983DAD2039C3E10050D10F /* UIView+FadeInOut.swift in Sources */ = {isa = PBXBuildFile; fileRef = 1EBC88EA20289457003937FD /* UIView+FadeInOut.swift */; };
		1E983DAE2039C41B0050D10F /* CoreDataStorage.swift in Sources */ = {isa = PBXBuildFile; fileRef = 1EC2AC772031A24E00969D3A /* CoreDataStorage.swift */; };
		1E983DAF2039C42F0050D10F /* Timetable.swift in Sources */ = {isa = PBXBuildFile; fileRef = 1E66A989203722C9009D7562 /* Timetable.swift */; };
		1E983DB02039C4380050D10F /* Day.swift in Sources */ = {isa = PBXBuildFile; fileRef = 1E122C9B202A138400506B71 /* Day.swift */; };
		1E983DB22039C4540050D10F /* UIViewController+ShowAlert.swift in Sources */ = {isa = PBXBuildFile; fileRef = 1EBA2678201D48390042E03D /* UIViewController+ShowAlert.swift */; };
		1E983DB32039C4610050D10F /* ColorTableViewCell.swift in Sources */ = {isa = PBXBuildFile; fileRef = 1ECDFFC4202C870C005A4731 /* ColorTableViewCell.swift */; };
		1E983DB42039C4660050D10F /* HomeworkTableViewCell.swift in Sources */ = {isa = PBXBuildFile; fileRef = 1EBC88EC202896E1003937FD /* HomeworkTableViewCell.swift */; };
		1E983DB52039C46A0050D10F /* SubjectTableViewCell.swift in Sources */ = {isa = PBXBuildFile; fileRef = 1EBA267B201D498A0042E03D /* SubjectTableViewCell.swift */; };
		1E983DB62039C46C0050D10F /* LessonTableViewCell.swift in Sources */ = {isa = PBXBuildFile; fileRef = 1E8EFA0F2028FCBB003D711C /* LessonTableViewCell.swift */; };
		1E983DB72039C4780050D10F /* UIView+FindViewWithClassNamed.swift in Sources */ = {isa = PBXBuildFile; fileRef = 1EE7EBE1202B17DA0093ED37 /* UIView+FindViewWithClassNamed.swift */; };
		1EBA266F201D0B060042E03D /* CreateSubjectViewController.swift in Sources */ = {isa = PBXBuildFile; fileRef = 1EBA266E201D0B060042E03D /* CreateSubjectViewController.swift */; };
		1EBA2673201D3D3D0042E03D /* HomeworkViewController.swift in Sources */ = {isa = PBXBuildFile; fileRef = 1EBA2672201D3D3D0042E03D /* HomeworkViewController.swift */; };
		1EBA2675201D45B80042E03D /* CreateHomeworkViewController.swift in Sources */ = {isa = PBXBuildFile; fileRef = 1EBA2674201D45B80042E03D /* CreateHomeworkViewController.swift */; };
		1EBA2677201D467C0042E03D /* SelectSubjectViewController.swift in Sources */ = {isa = PBXBuildFile; fileRef = 1EBA2676201D467C0042E03D /* SelectSubjectViewController.swift */; };
		1EBC88E9202890BC003937FD /* DayDatePickerViewController.swift in Sources */ = {isa = PBXBuildFile; fileRef = 1EBC88E8202890BC003937FD /* DayDatePickerViewController.swift */; };
		1EC2AC652031A04100969D3A /* NotificationCenter.framework in Frameworks */ = {isa = PBXBuildFile; fileRef = 1EC2AC642031A04100969D3A /* NotificationCenter.framework */; };
		1EC2AC682031A04100969D3A /* TodayViewController.swift in Sources */ = {isa = PBXBuildFile; fileRef = 1EC2AC672031A04100969D3A /* TodayViewController.swift */; };
		1EC2AC6B2031A04100969D3A /* MainInterface.storyboard in Resources */ = {isa = PBXBuildFile; fileRef = 1EC2AC692031A04100969D3A /* MainInterface.storyboard */; };
		1EC2AC6F2031A04100969D3A /* today.appex in Embed App Extensions */ = {isa = PBXBuildFile; fileRef = 1EC2AC632031A04100969D3A /* today.appex */; settings = {ATTRIBUTES = (RemoveHeadersOnCopy, ); }; };
		1EC2ACB22031BA6700969D3A /* HomeworkContentViewController.swift in Sources */ = {isa = PBXBuildFile; fileRef = 1E651F812020F990007FD685 /* HomeworkContentViewController.swift */; };
		1ECC7EE22030D37E0032F709 /* Main.storyboard in Resources */ = {isa = PBXBuildFile; fileRef = 1ECC7EE02030D37E0032F709 /* Main.storyboard */; };
		1ECDFFC8202C9B0F005A4731 /* CalendarViewController.swift in Sources */ = {isa = PBXBuildFile; fileRef = 1ECDFFC7202C9B0F005A4731 /* CalendarViewController.swift */; };
		1EE7EBE6202B54370093ED37 /* StoreKit.framework in Frameworks */ = {isa = PBXBuildFile; fileRef = 1EE7EBE5202B54370093ED37 /* StoreKit.framework */; };
		1EE7EBE8202B585F0093ED37 /* RootTabBarController.swift in Sources */ = {isa = PBXBuildFile; fileRef = 1EE7EBE7202B585F0093ED37 /* RootTabBarController.swift */; };
		1EECD575201FC4710091B0B8 /* ContainerView.swift in Sources */ = {isa = PBXBuildFile; fileRef = 1EECD574201FC4710091B0B8 /* ContainerView.swift */; };
		1EF6A89C201D030F009F2BC7 /* AppDelegate.swift in Sources */ = {isa = PBXBuildFile; fileRef = 1EF6A89B201D030F009F2BC7 /* AppDelegate.swift */; };
		1EF6A8A6201D030F009F2BC7 /* Assets.xcassets in Resources */ = {isa = PBXBuildFile; fileRef = 1EF6A8A5201D030F009F2BC7 /* Assets.xcassets */; };
		1EF6A8A9201D030F009F2BC7 /* LaunchScreen.storyboard in Resources */ = {isa = PBXBuildFile; fileRef = 1EF6A8A7201D030F009F2BC7 /* LaunchScreen.storyboard */; };
		1EFCA768202DEF8200DB9C11 /* UrlAttachmentTableViewCell.swift in Sources */ = {isa = PBXBuildFile; fileRef = 1EFCA767202DEF8200DB9C11 /* UrlAttachmentTableViewCell.swift */; };
		1EFCA76A202DEFD100DB9C11 /* ImageAttachmentTableViewCell.swift in Sources */ = {isa = PBXBuildFile; fileRef = 1EFCA769202DEFD100DB9C11 /* ImageAttachmentTableViewCell.swift */; };
		5121F3108A26136D7C37CAD4 /* Pods_Homework_Planner.framework in Frameworks */ = {isa = PBXBuildFile; fileRef = 567D5D8D96010EAD20CBA3EC /* Pods_Homework_Planner.framework */; };
		6A71C31212A218E9032F5600 /* Pods_today.framework in Frameworks */ = {isa = PBXBuildFile; fileRef = EEC6ED39818A161116B1F763 /* Pods_today.framework */; };
/* End PBXBuildFile section */

/* Begin PBXContainerItemProxy section */
		1EC2AC6D2031A04100969D3A /* PBXContainerItemProxy */ = {
			isa = PBXContainerItemProxy;
			containerPortal = 1EF6A890201D030F009F2BC7 /* Project object */;
			proxyType = 1;
			remoteGlobalIDString = 1EC2AC622031A04100969D3A;
			remoteInfo = today;
		};
		1EF6A8B0201D030F009F2BC7 /* PBXContainerItemProxy */ = {
			isa = PBXContainerItemProxy;
			containerPortal = 1EF6A890201D030F009F2BC7 /* Project object */;
			proxyType = 1;
			remoteGlobalIDString = 1EF6A897201D030F009F2BC7;
			remoteInfo = "Homework Planner";
		};
/* End PBXContainerItemProxy section */

/* Begin PBXCopyFilesBuildPhase section */
		1EC2AC732031A04100969D3A /* Embed App Extensions */ = {
			isa = PBXCopyFilesBuildPhase;
			buildActionMask = 2147483647;
			dstPath = "";
			dstSubfolderSpec = 13;
			files = (
				1EC2AC6F2031A04100969D3A /* today.appex in Embed App Extensions */,
			);
			name = "Embed App Extensions";
			runOnlyForDeploymentPostprocessing = 0;
		};
		1EC2AC992031A4C500969D3A /* Embed Frameworks */ = {
			isa = PBXCopyFilesBuildPhase;
			buildActionMask = 2147483647;
			dstPath = "";
			dstSubfolderSpec = 10;
			files = (
			);
			name = "Embed Frameworks";
			runOnlyForDeploymentPostprocessing = 0;
		};
/* End PBXCopyFilesBuildPhase section */

/* Begin PBXFileReference section */
		04EA981F14FB2B038831D108 /* Pods-Homework Planner Core.release.xcconfig */ = {isa = PBXFileReference; includeInIndex = 1; lastKnownFileType = text.xcconfig; name = "Pods-Homework Planner Core.release.xcconfig"; path = "../Pods/Target Support Files/Pods-Homework Planner Core/Pods-Homework Planner Core.release.xcconfig"; sourceTree = "<group>"; };
		1E0572CD203208A600CCFD2A /* SubjectTests.swift */ = {isa = PBXFileReference; lastKnownFileType = sourcecode.swift; path = SubjectTests.swift; sourceTree = "<group>"; };
		1E05737320323CBF00CCFD2A /* LegacyImporter.swift */ = {isa = PBXFileReference; lastKnownFileType = sourcecode.swift; path = LegacyImporter.swift; sourceTree = "<group>"; };
		1E09A0C8203B006500AF9228 /* AttachmentViewModel.swift */ = {isa = PBXFileReference; lastKnownFileType = sourcecode.swift; path = AttachmentViewModel.swift; sourceTree = "<group>"; };
		1E09A0CB203B00FC00AF9228 /* ImageAttachmentViewModel.swift */ = {isa = PBXFileReference; lastKnownFileType = sourcecode.swift; path = ImageAttachmentViewModel.swift; sourceTree = "<group>"; };
		1E09A0CE203B02FB00AF9228 /* UrlAttachmentViewModel.swift */ = {isa = PBXFileReference; lastKnownFileType = sourcecode.swift; path = UrlAttachmentViewModel.swift; sourceTree = "<group>"; };
		1E122C9B202A138400506B71 /* Day.swift */ = {isa = PBXFileReference; lastKnownFileType = sourcecode.swift; path = Day.swift; sourceTree = "<group>"; };
		1E244324202E05EF00E9DC68 /* SafariServices.framework */ = {isa = PBXFileReference; lastKnownFileType = wrapper.framework; name = SafariServices.framework; path = System/Library/Frameworks/SafariServices.framework; sourceTree = SDKROOT; };
		1E244328202E1EAD00E9DC68 /* UIBarButtonItem+SetHidden.swift */ = {isa = PBXFileReference; lastKnownFileType = sourcecode.swift; path = "UIBarButtonItem+SetHidden.swift"; sourceTree = "<group>"; };
		1E268A432039D1F100C227DA /* HomeworkTableViewCell.xib */ = {isa = PBXFileReference; lastKnownFileType = file.xib; path = HomeworkTableViewCell.xib; sourceTree = "<group>"; };
		1E268A462039D92600C227DA /* LessonTableViewCell.xib */ = {isa = PBXFileReference; lastKnownFileType = file.xib; path = LessonTableViewCell.xib; sourceTree = "<group>"; };
		1E268A492039DAE800C227DA /* HomeworkViewModel.swift */ = {isa = PBXFileReference; lastKnownFileType = sourcecode.swift; path = HomeworkViewModel.swift; sourceTree = "<group>"; };
		1E268A4B2039DAF300C227DA /* SubjectViewModel.swift */ = {isa = PBXFileReference; lastKnownFileType = sourcecode.swift; path = SubjectViewModel.swift; sourceTree = "<group>"; };
		1E268A4D2039E69600C227DA /* LessonViewModel.swift */ = {isa = PBXFileReference; lastKnownFileType = sourcecode.swift; path = LessonViewModel.swift; sourceTree = "<group>"; };
		1E3998412021F62B002DFFA3 /* PanelView.swift */ = {isa = PBXFileReference; lastKnownFileType = sourcecode.swift; path = PanelView.swift; sourceTree = "<group>"; };
		1E53286B2030AD01007AD7AC /* BackupView.swift */ = {isa = PBXFileReference; lastKnownFileType = sourcecode.swift; path = BackupView.swift; sourceTree = "<group>"; };
		1E5D7AB72028F26500DF39F1 /* Date+OrdinalIndicatorString.swift */ = {isa = PBXFileReference; lastKnownFileType = sourcecode.swift; path = "Date+OrdinalIndicatorString.swift"; sourceTree = "<group>"; };
		1E651F812020F990007FD685 /* HomeworkContentViewController.swift */ = {isa = PBXFileReference; lastKnownFileType = sourcecode.swift; path = HomeworkContentViewController.swift; sourceTree = "<group>"; };
		1E66A989203722C9009D7562 /* Timetable.swift */ = {isa = PBXFileReference; lastKnownFileType = sourcecode.swift; path = Timetable.swift; sourceTree = "<group>"; };
		1E672407202DFB52000A0B95 /* CreateImageAttachmentViewController.swift */ = {isa = PBXFileReference; lastKnownFileType = sourcecode.swift; path = CreateImageAttachmentViewController.swift; sourceTree = "<group>"; };
		1E672409202DFC2A000A0B95 /* CreateAttachmentViewController.swift */ = {isa = PBXFileReference; lastKnownFileType = sourcecode.swift; path = CreateAttachmentViewController.swift; sourceTree = "<group>"; };
		1E6B91BA2021E4D10019FC5D /* SelectColorView.swift */ = {isa = PBXFileReference; lastKnownFileType = sourcecode.swift; path = SelectColorView.swift; sourceTree = "<group>"; };
		1E7DCBC9202DAAB800C7B1BC /* AttachmentsViewController.swift */ = {isa = PBXFileReference; lastKnownFileType = sourcecode.swift; path = AttachmentsViewController.swift; sourceTree = "<group>"; };
		1E7DCBCD202DAC2E00C7B1BC /* CreateUrlAttachmentViewController.swift */ = {isa = PBXFileReference; lastKnownFileType = sourcecode.swift; path = CreateUrlAttachmentViewController.swift; sourceTree = "<group>"; };
		1E7DCBCF202DAD5800C7B1BC /* ActionsView.swift */ = {isa = PBXFileReference; lastKnownFileType = sourcecode.swift; path = ActionsView.swift; sourceTree = "<group>"; };
		1E8EFA0D2028FA7B003D711C /* TimetableViewController.swift */ = {isa = PBXFileReference; lastKnownFileType = sourcecode.swift; path = TimetableViewController.swift; sourceTree = "<group>"; };
		1E8EFA0F2028FCBB003D711C /* LessonTableViewCell.swift */ = {isa = PBXFileReference; lastKnownFileType = sourcecode.swift; path = LessonTableViewCell.swift; sourceTree = "<group>"; };
		1E8EFA132029DAAB003D711C /* CreateLessonViewController.swift */ = {isa = PBXFileReference; lastKnownFileType = sourcecode.swift; path = CreateLessonViewController.swift; sourceTree = "<group>"; };
		1E8EFA192029DC31003D711C /* TimePickerViewController.swift */ = {isa = PBXFileReference; lastKnownFileType = sourcecode.swift; path = TimePickerViewController.swift; sourceTree = "<group>"; };
		1E906BAD203461FF00762A5A /* DataInjector.swift */ = {isa = PBXFileReference; lastKnownFileType = sourcecode.swift; path = DataInjector.swift; sourceTree = "<group>"; };
		1E94DCF8203492D700BC3117 /* DataViewController.swift */ = {isa = PBXFileReference; lastKnownFileType = sourcecode.swift; path = DataViewController.swift; sourceTree = "<group>"; };
		1E94DCFB203494B300BC3117 /* UINavigationController+Replace.swift */ = {isa = PBXFileReference; lastKnownFileType = sourcecode.swift; path = "UINavigationController+Replace.swift"; sourceTree = "<group>"; };
		1E94DD0120349B8600BC3117 /* EditableViewController.swift */ = {isa = PBXFileReference; lastKnownFileType = sourcecode.swift; path = EditableViewController.swift; sourceTree = "<group>"; };
		1E94DD062034B48F00BC3117 /* UIView+Borders.swift */ = {isa = PBXFileReference; lastKnownFileType = sourcecode.swift; path = "UIView+Borders.swift"; sourceTree = "<group>"; };
		1EBA266E201D0B060042E03D /* CreateSubjectViewController.swift */ = {isa = PBXFileReference; lastKnownFileType = sourcecode.swift; path = CreateSubjectViewController.swift; sourceTree = "<group>"; };
		1EBA2672201D3D3D0042E03D /* HomeworkViewController.swift */ = {isa = PBXFileReference; lastKnownFileType = sourcecode.swift; path = HomeworkViewController.swift; sourceTree = "<group>"; };
		1EBA2674201D45B80042E03D /* CreateHomeworkViewController.swift */ = {isa = PBXFileReference; lastKnownFileType = sourcecode.swift; path = CreateHomeworkViewController.swift; sourceTree = "<group>"; };
		1EBA2676201D467C0042E03D /* SelectSubjectViewController.swift */ = {isa = PBXFileReference; lastKnownFileType = sourcecode.swift; path = SelectSubjectViewController.swift; sourceTree = "<group>"; };
		1EBA2678201D48390042E03D /* UIViewController+ShowAlert.swift */ = {isa = PBXFileReference; lastKnownFileType = sourcecode.swift; path = "UIViewController+ShowAlert.swift"; sourceTree = "<group>"; };
		1EBA267B201D498A0042E03D /* SubjectTableViewCell.swift */ = {isa = PBXFileReference; lastKnownFileType = sourcecode.swift; path = SubjectTableViewCell.swift; sourceTree = "<group>"; };
		1EBC88E8202890BC003937FD /* DayDatePickerViewController.swift */ = {isa = PBXFileReference; lastKnownFileType = sourcecode.swift; path = DayDatePickerViewController.swift; sourceTree = "<group>"; };
		1EBC88EA20289457003937FD /* UIView+FadeInOut.swift */ = {isa = PBXFileReference; lastKnownFileType = sourcecode.swift; path = "UIView+FadeInOut.swift"; sourceTree = "<group>"; };
		1EBC88EC202896E1003937FD /* HomeworkTableViewCell.swift */ = {isa = PBXFileReference; lastKnownFileType = sourcecode.swift; path = HomeworkTableViewCell.swift; sourceTree = "<group>"; };
		1EC2AC632031A04100969D3A /* today.appex */ = {isa = PBXFileReference; explicitFileType = "wrapper.app-extension"; includeInIndex = 0; path = today.appex; sourceTree = BUILT_PRODUCTS_DIR; };
		1EC2AC642031A04100969D3A /* NotificationCenter.framework */ = {isa = PBXFileReference; lastKnownFileType = wrapper.framework; name = NotificationCenter.framework; path = System/Library/Frameworks/NotificationCenter.framework; sourceTree = SDKROOT; };
		1EC2AC672031A04100969D3A /* TodayViewController.swift */ = {isa = PBXFileReference; lastKnownFileType = sourcecode.swift; path = TodayViewController.swift; sourceTree = "<group>"; };
		1EC2AC6A2031A04100969D3A /* Base */ = {isa = PBXFileReference; lastKnownFileType = file.storyboard; name = Base; path = Base.lproj/MainInterface.storyboard; sourceTree = "<group>"; };
		1EC2AC6C2031A04100969D3A /* Info.plist */ = {isa = PBXFileReference; lastKnownFileType = text.plist.xml; path = Info.plist; sourceTree = "<group>"; };
		1EC2AC742031A06C00969D3A /* today.entitlements */ = {isa = PBXFileReference; lastKnownFileType = text.plist.entitlements; path = today.entitlements; sourceTree = "<group>"; };
		1EC2AC772031A24E00969D3A /* CoreDataStorage.swift */ = {isa = PBXFileReference; lastKnownFileType = sourcecode.swift; path = CoreDataStorage.swift; sourceTree = "<group>"; };
		1EC2ACA82031A5B100969D3A /* UIKit.framework */ = {isa = PBXFileReference; lastKnownFileType = wrapper.framework; name = UIKit.framework; path = System/Library/Frameworks/UIKit.framework; sourceTree = SDKROOT; };
		1EC2ACAF2031B9AF00969D3A /* DayViewController.swift */ = {isa = PBXFileReference; lastKnownFileType = sourcecode.swift; path = DayViewController.swift; sourceTree = "<group>"; };
		1ECB7F732030832B00858162 /* InAppPurchase.swift */ = {isa = PBXFileReference; lastKnownFileType = sourcecode.swift; path = InAppPurchase.swift; sourceTree = "<group>"; };
		1ECC7EE12030D37E0032F709 /* Base */ = {isa = PBXFileReference; lastKnownFileType = file.storyboard; name = Base; path = Base.lproj/Main.storyboard; sourceTree = "<group>"; };
		1ECDFFC4202C870C005A4731 /* ColorTableViewCell.swift */ = {isa = PBXFileReference; lastKnownFileType = sourcecode.swift; path = ColorTableViewCell.swift; sourceTree = "<group>"; };
		1ECDFFC7202C9B0F005A4731 /* CalendarViewController.swift */ = {isa = PBXFileReference; lastKnownFileType = sourcecode.swift; path = CalendarViewController.swift; sourceTree = "<group>"; };
		1EE7EBE1202B17DA0093ED37 /* UIView+FindViewWithClassNamed.swift */ = {isa = PBXFileReference; lastKnownFileType = sourcecode.swift; path = "UIView+FindViewWithClassNamed.swift"; sourceTree = "<group>"; };
		1EE7EBE3202B521C0093ED37 /* en */ = {isa = PBXFileReference; lastKnownFileType = text.plist.strings; name = en; path = ../en.lproj/Localizable.strings; sourceTree = "<group>"; };
		1EE7EBE4202B54270093ED37 /* Homework Planner.entitlements */ = {isa = PBXFileReference; lastKnownFileType = text.plist.entitlements; path = "Homework Planner.entitlements"; sourceTree = "<group>"; };
		1EE7EBE5202B54370093ED37 /* StoreKit.framework */ = {isa = PBXFileReference; lastKnownFileType = wrapper.framework; name = StoreKit.framework; path = System/Library/Frameworks/StoreKit.framework; sourceTree = SDKROOT; };
		1EE7EBE7202B585F0093ED37 /* RootTabBarController.swift */ = {isa = PBXFileReference; lastKnownFileType = sourcecode.swift; path = RootTabBarController.swift; sourceTree = "<group>"; };
		1EECD574201FC4710091B0B8 /* ContainerView.swift */ = {isa = PBXFileReference; lastKnownFileType = sourcecode.swift; path = ContainerView.swift; sourceTree = "<group>"; };
		1EEF70FB2031F72B00DF8442 /* UIColor+StringTests.swift */ = {isa = PBXFileReference; lastKnownFileType = sourcecode.swift; path = "UIColor+StringTests.swift"; sourceTree = "<group>"; };
		1EEF71062031F96F00DF8442 /* Date+OrdinalIndicatorStringTests.swift */ = {isa = PBXFileReference; lastKnownFileType = sourcecode.swift; path = "Date+OrdinalIndicatorStringTests.swift"; sourceTree = "<group>"; };
		1EEF71132031FBF300DF8442 /* Date+FormattedDayNameTests.swift */ = {isa = PBXFileReference; lastKnownFileType = sourcecode.swift; path = "Date+FormattedDayNameTests.swift"; sourceTree = "<group>"; };
		1EEF71172031FEC100DF8442 /* HomeworkTests.swift */ = {isa = PBXFileReference; lastKnownFileType = sourcecode.swift; path = HomeworkTests.swift; sourceTree = "<group>"; };
		1EF6A898201D030F009F2BC7 /* Homework Planner.app */ = {isa = PBXFileReference; explicitFileType = wrapper.application; includeInIndex = 0; path = "Homework Planner.app"; sourceTree = BUILT_PRODUCTS_DIR; };
		1EF6A89B201D030F009F2BC7 /* AppDelegate.swift */ = {isa = PBXFileReference; lastKnownFileType = sourcecode.swift; path = AppDelegate.swift; sourceTree = "<group>"; };
		1EF6A8A3201D030F009F2BC7 /* Homework_Planner.xcdatamodel */ = {isa = PBXFileReference; lastKnownFileType = wrapper.xcdatamodel; path = Homework_Planner.xcdatamodel; sourceTree = "<group>"; };
		1EF6A8A5201D030F009F2BC7 /* Assets.xcassets */ = {isa = PBXFileReference; lastKnownFileType = folder.assetcatalog; path = Assets.xcassets; sourceTree = "<group>"; };
		1EF6A8A8201D030F009F2BC7 /* Base */ = {isa = PBXFileReference; lastKnownFileType = file.storyboard; name = Base; path = Base.lproj/LaunchScreen.storyboard; sourceTree = "<group>"; };
		1EF6A8AA201D030F009F2BC7 /* Info.plist */ = {isa = PBXFileReference; lastKnownFileType = text.plist.xml; path = Info.plist; sourceTree = "<group>"; };
		1EF6A8AF201D030F009F2BC7 /* Homework PlannerTests.xctest */ = {isa = PBXFileReference; explicitFileType = wrapper.cfbundle; includeInIndex = 0; path = "Homework PlannerTests.xctest"; sourceTree = BUILT_PRODUCTS_DIR; };
		1EF6A8B5201D030F009F2BC7 /* Info.plist */ = {isa = PBXFileReference; lastKnownFileType = text.plist.xml; path = Info.plist; sourceTree = "<group>"; };
		1EFCA767202DEF8200DB9C11 /* UrlAttachmentTableViewCell.swift */ = {isa = PBXFileReference; lastKnownFileType = sourcecode.swift; path = UrlAttachmentTableViewCell.swift; sourceTree = "<group>"; };
		1EFCA769202DEFD100DB9C11 /* ImageAttachmentTableViewCell.swift */ = {isa = PBXFileReference; lastKnownFileType = sourcecode.swift; path = ImageAttachmentTableViewCell.swift; sourceTree = "<group>"; };
		3C97BCEE2D0B3A7F45F05122 /* Pods-Homework Planner.debug.xcconfig */ = {isa = PBXFileReference; includeInIndex = 1; lastKnownFileType = text.xcconfig; name = "Pods-Homework Planner.debug.xcconfig"; path = "../Pods/Target Support Files/Pods-Homework Planner/Pods-Homework Planner.debug.xcconfig"; sourceTree = "<group>"; };
		53A8755CC19DCC6F252C72BE /* Pods-Homework Planner Core.debug.xcconfig */ = {isa = PBXFileReference; includeInIndex = 1; lastKnownFileType = text.xcconfig; name = "Pods-Homework Planner Core.debug.xcconfig"; path = "../Pods/Target Support Files/Pods-Homework Planner Core/Pods-Homework Planner Core.debug.xcconfig"; sourceTree = "<group>"; };
		567D5D8D96010EAD20CBA3EC /* Pods_Homework_Planner.framework */ = {isa = PBXFileReference; explicitFileType = wrapper.framework; includeInIndex = 0; path = Pods_Homework_Planner.framework; sourceTree = BUILT_PRODUCTS_DIR; };
		C451655B62D788C2A3581E6E /* Pods_Homework_Planner_Core.framework */ = {isa = PBXFileReference; explicitFileType = wrapper.framework; includeInIndex = 0; path = Pods_Homework_Planner_Core.framework; sourceTree = BUILT_PRODUCTS_DIR; };
		DD23C15EFD93997CF2A4D65F /* Pods-today.release.xcconfig */ = {isa = PBXFileReference; includeInIndex = 1; lastKnownFileType = text.xcconfig; name = "Pods-today.release.xcconfig"; path = "../Pods/Target Support Files/Pods-today/Pods-today.release.xcconfig"; sourceTree = "<group>"; };
		E7C455C914383ECFA0B6C661 /* Pods-Homework Planner.release.xcconfig */ = {isa = PBXFileReference; includeInIndex = 1; lastKnownFileType = text.xcconfig; name = "Pods-Homework Planner.release.xcconfig"; path = "../Pods/Target Support Files/Pods-Homework Planner/Pods-Homework Planner.release.xcconfig"; sourceTree = "<group>"; };
		EEC6ED39818A161116B1F763 /* Pods_today.framework */ = {isa = PBXFileReference; explicitFileType = wrapper.framework; includeInIndex = 0; path = Pods_today.framework; sourceTree = BUILT_PRODUCTS_DIR; };
		EED5EA9B08F746FC2600DB2F /* Pods-today.debug.xcconfig */ = {isa = PBXFileReference; includeInIndex = 1; lastKnownFileType = text.xcconfig; name = "Pods-today.debug.xcconfig"; path = "../Pods/Target Support Files/Pods-today/Pods-today.debug.xcconfig"; sourceTree = "<group>"; };
/* End PBXFileReference section */

/* Begin PBXFrameworksBuildPhase section */
		1EC2AC602031A04100969D3A /* Frameworks */ = {
			isa = PBXFrameworksBuildPhase;
			buildActionMask = 2147483647;
			files = (
				1EC2AC652031A04100969D3A /* NotificationCenter.framework in Frameworks */,
				6A71C31212A218E9032F5600 /* Pods_today.framework in Frameworks */,
			);
			runOnlyForDeploymentPostprocessing = 0;
		};
		1EF6A895201D030F009F2BC7 /* Frameworks */ = {
			isa = PBXFrameworksBuildPhase;
			buildActionMask = 2147483647;
			files = (
				1E244325202E05F000E9DC68 /* SafariServices.framework in Frameworks */,
				5121F3108A26136D7C37CAD4 /* Pods_Homework_Planner.framework in Frameworks */,
				1EE7EBE6202B54370093ED37 /* StoreKit.framework in Frameworks */,
			);
			runOnlyForDeploymentPostprocessing = 0;
		};
		1EF6A8AC201D030F009F2BC7 /* Frameworks */ = {
			isa = PBXFrameworksBuildPhase;
			buildActionMask = 2147483647;
			files = (
			);
			runOnlyForDeploymentPostprocessing = 0;
		};
/* End PBXFrameworksBuildPhase section */

/* Begin PBXGroup section */
		1E268A482039DAC400C227DA /* View Model */ = {
			isa = PBXGroup;
			children = (
				1E268A492039DAE800C227DA /* HomeworkViewModel.swift */,
				1E268A4B2039DAF300C227DA /* SubjectViewModel.swift */,
				1E268A4D2039E69600C227DA /* LessonViewModel.swift */,
				1E09A0C8203B006500AF9228 /* AttachmentViewModel.swift */,
				1E09A0CB203B00FC00AF9228 /* ImageAttachmentViewModel.swift */,
				1E09A0CE203B02FB00AF9228 /* UrlAttachmentViewModel.swift */,
			);
			path = "View Model";
			sourceTree = "<group>";
		};
		1E39984320220BC4002DFFA3 /* Resources */ = {
			isa = PBXGroup;
			children = (
				1EF6A8A5201D030F009F2BC7 /* Assets.xcassets */,
				1E39984420220BF1002DFFA3 /* Localizable.strings */,
			);
			path = Resources;
			sourceTree = "<group>";
		};
		1E8EFA152029DAAF003D711C /* Homework */ = {
			isa = PBXGroup;
			children = (
				1EBA2672201D3D3D0042E03D /* HomeworkViewController.swift */,
				1EBA2674201D45B80042E03D /* CreateHomeworkViewController.swift */,
				1E651F812020F990007FD685 /* HomeworkContentViewController.swift */,
				1E7DCBC9202DAAB800C7B1BC /* AttachmentsViewController.swift */,
				1E672409202DFC2A000A0B95 /* CreateAttachmentViewController.swift */,
				1E7DCBCD202DAC2E00C7B1BC /* CreateUrlAttachmentViewController.swift */,
				1E672407202DFB52000A0B95 /* CreateImageAttachmentViewController.swift */,
			);
			path = Homework;
			sourceTree = "<group>";
		};
		1E8EFA162029DABF003D711C /* Lesson */ = {
			isa = PBXGroup;
			children = (
				1E8EFA0D2028FA7B003D711C /* TimetableViewController.swift */,
				1E8EFA132029DAAB003D711C /* CreateLessonViewController.swift */,
			);
			path = Lesson;
			sourceTree = "<group>";
		};
		1E8EFA172029DAD1003D711C /* Subject */ = {
			isa = PBXGroup;
			children = (
				1EBA2676201D467C0042E03D /* SelectSubjectViewController.swift */,
				1EBA266E201D0B060042E03D /* CreateSubjectViewController.swift */,
			);
			path = Subject;
			sourceTree = "<group>";
		};
		1E8EFA182029DAD7003D711C /* Common */ = {
			isa = PBXGroup;
			children = (
				1E94DCF8203492D700BC3117 /* DataViewController.swift */,
				1E94DD0120349B8600BC3117 /* EditableViewController.swift */,
				1E8EFA192029DC31003D711C /* TimePickerViewController.swift */,
				1EBC88E8202890BC003937FD /* DayDatePickerViewController.swift */,
			);
			path = Common;
			sourceTree = "<group>";
		};
		1E94DCFD203494BA00BC3117 /* Extensions */ = {
			isa = PBXGroup;
			children = (
				1E94DCFB203494B300BC3117 /* UINavigationController+Replace.swift */,
				1EBA2678201D48390042E03D /* UIViewController+ShowAlert.swift */,
			);
			path = Extensions;
			sourceTree = "<group>";
		};
		1E94DCFE2034958500BC3117 /* Model */ = {
			isa = PBXGroup;
			children = (
				1EEF710D2031FAC600DF8442 /* Extensions */,
				1E122C9B202A138400506B71 /* Day.swift */,
				1EC2AC772031A24E00969D3A /* CoreDataStorage.swift */,
				1E66A989203722C9009D7562 /* Timetable.swift */,
				1E05737320323CBF00CCFD2A /* LegacyImporter.swift */,
				1E906BAD203461FF00762A5A /* DataInjector.swift */,
				1ECB7F732030832B00858162 /* InAppPurchase.swift */,
			);
			path = Model;
			sourceTree = "<group>";
		};
		1E94DD0420349C1A00BC3117 /* Extensions */ = {
			isa = PBXGroup;
			children = (
				1E244328202E1EAD00E9DC68 /* UIBarButtonItem+SetHidden.swift */,
				1E94DD062034B48F00BC3117 /* UIView+Borders.swift */,
				1EBC88EA20289457003937FD /* UIView+FadeInOut.swift */,
				1EE7EBE1202B17DA0093ED37 /* UIView+FindViewWithClassNamed.swift */,
			);
			path = Extensions;
			sourceTree = "<group>";
		};
		1EBA266D201D0AF90042E03D /* Controller */ = {
			isa = PBXGroup;
			children = (
				1E94DCFD203494BA00BC3117 /* Extensions */,
				1ECDFFC6202C9B05005A4731 /* Calendar */,
				1E8EFA182029DAD7003D711C /* Common */,
				1E8EFA172029DAD1003D711C /* Subject */,
				1E8EFA162029DABF003D711C /* Lesson */,
				1E8EFA152029DAAF003D711C /* Homework */,
				1EE7EBE7202B585F0093ED37 /* RootTabBarController.swift */,
			);
			path = Controller;
			sourceTree = "<group>";
		};
		1EBA267A201D496C0042E03D /* View */ = {
			isa = PBXGroup;
			children = (
				1E94DD0420349C1A00BC3117 /* Extensions */,
				1E53286B2030AD01007AD7AC /* BackupView.swift */,
				1ECDFFC4202C870C005A4731 /* ColorTableViewCell.swift */,
				1EBA267B201D498A0042E03D /* SubjectTableViewCell.swift */,
				1EBC88EC202896E1003937FD /* HomeworkTableViewCell.swift */,
				1E268A432039D1F100C227DA /* HomeworkTableViewCell.xib */,
				1E8EFA0F2028FCBB003D711C /* LessonTableViewCell.swift */,
				1E268A462039D92600C227DA /* LessonTableViewCell.xib */,
				1EECD574201FC4710091B0B8 /* ContainerView.swift */,
				1E6B91BA2021E4D10019FC5D /* SelectColorView.swift */,
				1E3998412021F62B002DFFA3 /* PanelView.swift */,
				1E7DCBCF202DAD5800C7B1BC /* ActionsView.swift */,
				1EFCA767202DEF8200DB9C11 /* UrlAttachmentTableViewCell.swift */,
				1EFCA769202DEFD100DB9C11 /* ImageAttachmentTableViewCell.swift */,
			);
			path = View;
			sourceTree = "<group>";
		};
		1EC2AC662031A04100969D3A /* today */ = {
			isa = PBXGroup;
			children = (
				1EC2AC742031A06C00969D3A /* today.entitlements */,
				1EC2AC672031A04100969D3A /* TodayViewController.swift */,
				1EC2AC692031A04100969D3A /* MainInterface.storyboard */,
				1EC2AC6C2031A04100969D3A /* Info.plist */,
			);
			path = today;
			sourceTree = "<group>";
		};
		1ECDFFC6202C9B05005A4731 /* Calendar */ = {
			isa = PBXGroup;
			children = (
				1EC2ACAF2031B9AF00969D3A /* DayViewController.swift */,
				1ECDFFC7202C9B0F005A4731 /* CalendarViewController.swift */,
			);
			path = Calendar;
			sourceTree = "<group>";
		};
		1EEF71042031F73700DF8442 /* tests */ = {
			isa = PBXGroup;
			children = (
				1EF6A8B2201D030F009F2BC7 /* Homework Planner Tests */,
			);
			path = tests;
			sourceTree = "<group>";
		};
		1EEF710D2031FAC600DF8442 /* Extensions */ = {
			isa = PBXGroup;
			children = (
				1E5D7AB72028F26500DF39F1 /* Date+OrdinalIndicatorString.swift */,
			);
			path = Extensions;
			sourceTree = "<group>";
		};
		1EEF71122031FB2D00DF8442 /* Extensions */ = {
			isa = PBXGroup;
			children = (
				1EEF70FB2031F72B00DF8442 /* UIColor+StringTests.swift */,
				1EEF71132031FBF300DF8442 /* Date+FormattedDayNameTests.swift */,
				1EEF71062031F96F00DF8442 /* Date+OrdinalIndicatorStringTests.swift */,
			);
			path = Extensions;
			sourceTree = "<group>";
		};
		1EF6A88F201D030F009F2BC7 = {
			isa = PBXGroup;
			children = (
				1EEF71042031F73700DF8442 /* tests */,
				1EF6A89A201D030F009F2BC7 /* Homework Planner */,
				1EC2AC662031A04100969D3A /* today */,
				1EF6A899201D030F009F2BC7 /* Products */,
				C45FCD599FA563811961476B /* Pods */,
				F52DC0CCFAA5E6238B813B77 /* Frameworks */,
			);
			sourceTree = "<group>";
		};
		1EF6A899201D030F009F2BC7 /* Products */ = {
			isa = PBXGroup;
			children = (
				1EF6A898201D030F009F2BC7 /* Homework Planner.app */,
				1EF6A8AF201D030F009F2BC7 /* Homework PlannerTests.xctest */,
				1EC2AC632031A04100969D3A /* today.appex */,
			);
			name = Products;
			sourceTree = "<group>";
		};
		1EF6A89A201D030F009F2BC7 /* Homework Planner */ = {
			isa = PBXGroup;
			children = (
				1E268A482039DAC400C227DA /* View Model */,
				1E39984320220BC4002DFFA3 /* Resources */,
				1E94DCFE2034958500BC3117 /* Model */,
				1EBA267A201D496C0042E03D /* View */,
				1EBA266D201D0AF90042E03D /* Controller */,
				1EF6A89B201D030F009F2BC7 /* AppDelegate.swift */,
				1ECC7EE02030D37E0032F709 /* Main.storyboard */,
				1EF6A8A7201D030F009F2BC7 /* LaunchScreen.storyboard */,
				1EF6A8AA201D030F009F2BC7 /* Info.plist */,
				1EE7EBE4202B54270093ED37 /* Homework Planner.entitlements */,
				1EF6A8A2201D030F009F2BC7 /* Homework_Planner.xcdatamodeld */,
			);
			path = "Homework Planner";
			sourceTree = "<group>";
		};
		1EF6A8B2201D030F009F2BC7 /* Homework Planner Tests */ = {
			isa = PBXGroup;
			children = (
				1EEF71122031FB2D00DF8442 /* Extensions */,
				1EEF71172031FEC100DF8442 /* HomeworkTests.swift */,
				1E0572CD203208A600CCFD2A /* SubjectTests.swift */,
				1EF6A8B5201D030F009F2BC7 /* Info.plist */,
			);
			path = "Homework Planner Tests";
			sourceTree = "<group>";
		};
		C45FCD599FA563811961476B /* Pods */ = {
			isa = PBXGroup;
			children = (
				3C97BCEE2D0B3A7F45F05122 /* Pods-Homework Planner.debug.xcconfig */,
				E7C455C914383ECFA0B6C661 /* Pods-Homework Planner.release.xcconfig */,
				53A8755CC19DCC6F252C72BE /* Pods-Homework Planner Core.debug.xcconfig */,
				04EA981F14FB2B038831D108 /* Pods-Homework Planner Core.release.xcconfig */,
				EED5EA9B08F746FC2600DB2F /* Pods-today.debug.xcconfig */,
				DD23C15EFD93997CF2A4D65F /* Pods-today.release.xcconfig */,
			);
			name = Pods;
			sourceTree = "<group>";
		};
		F52DC0CCFAA5E6238B813B77 /* Frameworks */ = {
			isa = PBXGroup;
			children = (
				1EC2ACA82031A5B100969D3A /* UIKit.framework */,
				1E244324202E05EF00E9DC68 /* SafariServices.framework */,
				1EE7EBE5202B54370093ED37 /* StoreKit.framework */,
				567D5D8D96010EAD20CBA3EC /* Pods_Homework_Planner.framework */,
				1EC2AC642031A04100969D3A /* NotificationCenter.framework */,
				C451655B62D788C2A3581E6E /* Pods_Homework_Planner_Core.framework */,
				EEC6ED39818A161116B1F763 /* Pods_today.framework */,
			);
			name = Frameworks;
			sourceTree = "<group>";
		};
/* End PBXGroup section */

/* Begin PBXNativeTarget section */
		1EC2AC622031A04100969D3A /* today */ = {
			isa = PBXNativeTarget;
			buildConfigurationList = 1EC2AC722031A04100969D3A /* Build configuration list for PBXNativeTarget "today" */;
			buildPhases = (
				1435E1128D1B94A7B7EBB3DB /* [CP] Check Pods Manifest.lock */,
				1EC2AC5F2031A04100969D3A /* Sources */,
				1EC2AC602031A04100969D3A /* Frameworks */,
				1EC2AC612031A04100969D3A /* Resources */,
			);
			buildRules = (
			);
			dependencies = (
			);
			name = today;
			productName = today;
			productReference = 1EC2AC632031A04100969D3A /* today.appex */;
			productType = "com.apple.product-type.app-extension";
		};
		1EF6A897201D030F009F2BC7 /* Homework Planner */ = {
			isa = PBXNativeTarget;
			buildConfigurationList = 1EF6A8B8201D030F009F2BC7 /* Build configuration list for PBXNativeTarget "Homework Planner" */;
			buildPhases = (
				5DBBB890B04A0F3AD4F29A8D /* [CP] Check Pods Manifest.lock */,
				1EF6A894201D030F009F2BC7 /* Sources */,
				1EF6A895201D030F009F2BC7 /* Frameworks */,
				1EF6A896201D030F009F2BC7 /* Resources */,
				D83B8E68E29943E4C040919F /* [CP] Embed Pods Frameworks */,
				1EC2AC732031A04100969D3A /* Embed App Extensions */,
				1EC2AC992031A4C500969D3A /* Embed Frameworks */,
			);
			buildRules = (
			);
			dependencies = (
				1EC2AC6E2031A04100969D3A /* PBXTargetDependency */,
			);
			name = "Homework Planner";
			productName = "Homework Planner";
			productReference = 1EF6A898201D030F009F2BC7 /* Homework Planner.app */;
			productType = "com.apple.product-type.application";
		};
		1EF6A8AE201D030F009F2BC7 /* Homework PlannerTests */ = {
			isa = PBXNativeTarget;
			buildConfigurationList = 1EF6A8BB201D030F009F2BC7 /* Build configuration list for PBXNativeTarget "Homework PlannerTests" */;
			buildPhases = (
				1EF6A8AB201D030F009F2BC7 /* Sources */,
				1EF6A8AC201D030F009F2BC7 /* Frameworks */,
				1EF6A8AD201D030F009F2BC7 /* Resources */,
			);
			buildRules = (
			);
			dependencies = (
				1EF6A8B1201D030F009F2BC7 /* PBXTargetDependency */,
			);
			name = "Homework PlannerTests";
			productName = "Homework PlannerTests";
			productReference = 1EF6A8AF201D030F009F2BC7 /* Homework PlannerTests.xctest */;
			productType = "com.apple.product-type.bundle.unit-test";
		};
/* End PBXNativeTarget section */

/* Begin PBXProject section */
		1EF6A890201D030F009F2BC7 /* Project object */ = {
			isa = PBXProject;
			attributes = {
				LastSwiftUpdateCheck = 0920;
				LastUpgradeCheck = 0920;
				ORGANIZATIONNAME = "Hugh Bellamy";
				TargetAttributes = {
					1EC2AC622031A04100969D3A = {
						CreatedOnToolsVersion = 9.2;
						ProvisioningStyle = Automatic;
						SystemCapabilities = {
							com.apple.ApplicationGroups.iOS = {
								enabled = 1;
							};
						};
					};
					1EF6A897201D030F009F2BC7 = {
						CreatedOnToolsVersion = 9.2;
						LastSwiftMigration = 0920;
						ProvisioningStyle = Automatic;
						SystemCapabilities = {
							com.apple.ApplicationGroups.iOS = {
								enabled = 1;
							};
							com.apple.InAppPurchase = {
								enabled = 1;
							};
							com.apple.iCloud = {
								enabled = 1;
							};
						};
					};
					1EF6A8AE201D030F009F2BC7 = {
						CreatedOnToolsVersion = 9.2;
						ProvisioningStyle = Automatic;
						TestTargetID = 1EF6A897201D030F009F2BC7;
					};
				};
			};
			buildConfigurationList = 1EF6A893201D030F009F2BC7 /* Build configuration list for PBXProject "Homework Planner" */;
			compatibilityVersion = "Xcode 8.0";
			developmentRegion = en;
			hasScannedForEncodings = 0;
			knownRegions = (
				en,
				Base,
			);
			mainGroup = 1EF6A88F201D030F009F2BC7;
			productRefGroup = 1EF6A899201D030F009F2BC7 /* Products */;
			projectDirPath = "";
			projectRoot = "";
			targets = (
				1EF6A897201D030F009F2BC7 /* Homework Planner */,
				1EF6A8AE201D030F009F2BC7 /* Homework PlannerTests */,
				1EC2AC622031A04100969D3A /* today */,
			);
		};
/* End PBXProject section */

/* Begin PBXResourcesBuildPhase section */
		1EC2AC612031A04100969D3A /* Resources */ = {
			isa = PBXResourcesBuildPhase;
			buildActionMask = 2147483647;
			files = (
				1E0572CF20321D7E00CCFD2A /* Assets.xcassets in Resources */,
				1E268A452039D8EB00C227DA /* HomeworkTableViewCell.xib in Resources */,
				1EC2AC6B2031A04100969D3A /* MainInterface.storyboard in Resources */,
			);
			runOnlyForDeploymentPostprocessing = 0;
		};
		1EF6A896201D030F009F2BC7 /* Resources */ = {
			isa = PBXResourcesBuildPhase;
			buildActionMask = 2147483647;
			files = (
				1EF6A8A9201D030F009F2BC7 /* LaunchScreen.storyboard in Resources */,
				1E39984620220BF1002DFFA3 /* Localizable.strings in Resources */,
				1EF6A8A6201D030F009F2BC7 /* Assets.xcassets in Resources */,
				1E268A472039D92600C227DA /* LessonTableViewCell.xib in Resources */,
				1ECC7EE22030D37E0032F709 /* Main.storyboard in Resources */,
				1E268A442039D1F100C227DA /* HomeworkTableViewCell.xib in Resources */,
			);
			runOnlyForDeploymentPostprocessing = 0;
		};
		1EF6A8AD201D030F009F2BC7 /* Resources */ = {
			isa = PBXResourcesBuildPhase;
			buildActionMask = 2147483647;
			files = (
			);
			runOnlyForDeploymentPostprocessing = 0;
		};
/* End PBXResourcesBuildPhase section */

/* Begin PBXShellScriptBuildPhase section */
		1435E1128D1B94A7B7EBB3DB /* [CP] Check Pods Manifest.lock */ = {
			isa = PBXShellScriptBuildPhase;
			buildActionMask = 2147483647;
			files = (
			);
			inputPaths = (
				"${PODS_PODFILE_DIR_PATH}/Podfile.lock",
				"${PODS_ROOT}/Manifest.lock",
			);
			name = "[CP] Check Pods Manifest.lock";
			outputPaths = (
				"$(DERIVED_FILE_DIR)/Pods-today-checkManifestLockResult.txt",
			);
			runOnlyForDeploymentPostprocessing = 0;
			shellPath = /bin/sh;
			shellScript = "diff \"${PODS_PODFILE_DIR_PATH}/Podfile.lock\" \"${PODS_ROOT}/Manifest.lock\" > /dev/null\nif [ $? != 0 ] ; then\n    # print error to STDERR\n    echo \"error: The sandbox is not in sync with the Podfile.lock. Run 'pod install' or update your CocoaPods installation.\" >&2\n    exit 1\nfi\n# This output is used by Xcode 'outputs' to avoid re-running this script phase.\necho \"SUCCESS\" > \"${SCRIPT_OUTPUT_FILE_0}\"\n";
			showEnvVarsInLog = 0;
		};
		5DBBB890B04A0F3AD4F29A8D /* [CP] Check Pods Manifest.lock */ = {
			isa = PBXShellScriptBuildPhase;
			buildActionMask = 2147483647;
			files = (
			);
			inputPaths = (
				"${PODS_PODFILE_DIR_PATH}/Podfile.lock",
				"${PODS_ROOT}/Manifest.lock",
			);
			name = "[CP] Check Pods Manifest.lock";
			outputPaths = (
				"$(DERIVED_FILE_DIR)/Pods-Homework Planner-checkManifestLockResult.txt",
			);
			runOnlyForDeploymentPostprocessing = 0;
			shellPath = /bin/sh;
			shellScript = "diff \"${PODS_PODFILE_DIR_PATH}/Podfile.lock\" \"${PODS_ROOT}/Manifest.lock\" > /dev/null\nif [ $? != 0 ] ; then\n    # print error to STDERR\n    echo \"error: The sandbox is not in sync with the Podfile.lock. Run 'pod install' or update your CocoaPods installation.\" >&2\n    exit 1\nfi\n# This output is used by Xcode 'outputs' to avoid re-running this script phase.\necho \"SUCCESS\" > \"${SCRIPT_OUTPUT_FILE_0}\"\n";
			showEnvVarsInLog = 0;
		};
		D83B8E68E29943E4C040919F /* [CP] Embed Pods Frameworks */ = {
			isa = PBXShellScriptBuildPhase;
			buildActionMask = 2147483647;
			files = (
			);
			inputPaths = (
				"${SRCROOT}/../Pods/Target Support Files/Pods-Homework Planner/Pods-Homework Planner-frameworks.sh",
				"${BUILT_PRODUCTS_DIR}/Date+Previous/Date_Previous.framework",
				"${BUILT_PRODUCTS_DIR}/Date+WithoutTime/Date_WithoutTime.framework",
				"${BUILT_PRODUCTS_DIR}/DayDatePicker/DayDatePicker.framework",
				"${BUILT_PRODUCTS_DIR}/INSPhotoGallery/INSPhotoGallery.framework",
				"${BUILT_PRODUCTS_DIR}/JTCalendar/JTCalendar.framework",
				"${BUILT_PRODUCTS_DIR}/SZTextView/SZTextView.framework",
			);
			name = "[CP] Embed Pods Frameworks";
			outputPaths = (
				"${TARGET_BUILD_DIR}/${FRAMEWORKS_FOLDER_PATH}/Date_Previous.framework",
				"${TARGET_BUILD_DIR}/${FRAMEWORKS_FOLDER_PATH}/Date_WithoutTime.framework",
				"${TARGET_BUILD_DIR}/${FRAMEWORKS_FOLDER_PATH}/DayDatePicker.framework",
				"${TARGET_BUILD_DIR}/${FRAMEWORKS_FOLDER_PATH}/INSPhotoGallery.framework",
				"${TARGET_BUILD_DIR}/${FRAMEWORKS_FOLDER_PATH}/JTCalendar.framework",
				"${TARGET_BUILD_DIR}/${FRAMEWORKS_FOLDER_PATH}/SZTextView.framework",
			);
			runOnlyForDeploymentPostprocessing = 0;
			shellPath = /bin/sh;
			shellScript = "\"${SRCROOT}/../Pods/Target Support Files/Pods-Homework Planner/Pods-Homework Planner-frameworks.sh\"\n";
			showEnvVarsInLog = 0;
		};
/* End PBXShellScriptBuildPhase section */

/* Begin PBXSourcesBuildPhase section */
		1EC2AC5F2031A04100969D3A /* Sources */ = {
			isa = PBXSourcesBuildPhase;
			buildActionMask = 2147483647;
			files = (
				1E268A512039E75D00C227DA /* HomeworkViewModel.swift in Sources */,
				1E983DA92039C34A0050D10F /* Homework_Planner.xcdatamodeld in Sources */,
				1E983DAF2039C42F0050D10F /* Timetable.swift in Sources */,
				1E983DB22039C4540050D10F /* UIViewController+ShowAlert.swift in Sources */,
				1EC2AC682031A04100969D3A /* TodayViewController.swift in Sources */,
				1E983DB32039C4610050D10F /* ColorTableViewCell.swift in Sources */,
				1E09A0CD203B00FC00AF9228 /* ImageAttachmentViewModel.swift in Sources */,
				1E983DA82039C3410050D10F /* DataViewController.swift in Sources */,
				1E983DB62039C46C0050D10F /* LessonTableViewCell.swift in Sources */,
				1E983DB02039C4380050D10F /* Day.swift in Sources */,
				1E09A0D1203B0A3600AF9228 /* Date+OrdinalIndicatorString.swift in Sources */,
				1E09A0CA203B006500AF9228 /* AttachmentViewModel.swift in Sources */,
				1E09A0D0203B02FB00AF9228 /* UrlAttachmentViewModel.swift in Sources */,
				1E983DAD2039C3E10050D10F /* UIView+FadeInOut.swift in Sources */,
				1E983DB52039C46A0050D10F /* SubjectTableViewCell.swift in Sources */,
				1E983DB42039C4660050D10F /* HomeworkTableViewCell.swift in Sources */,
				1E983DB72039C4780050D10F /* UIView+FindViewWithClassNamed.swift in Sources */,
				1E268A522039E75D00C227DA /* SubjectViewModel.swift in Sources */,
				1E268A532039E75D00C227DA /* LessonViewModel.swift in Sources */,
				1E983DAE2039C41B0050D10F /* CoreDataStorage.swift in Sources */,
				1E983DA72039C3360050D10F /* DayViewController.swift in Sources */,
			);
			runOnlyForDeploymentPostprocessing = 0;
		};
		1EF6A894201D030F009F2BC7 /* Sources */ = {
			isa = PBXSourcesBuildPhase;
			buildActionMask = 2147483647;
			files = (
				1E983D8C2039C1E00050D10F /* LessonTableViewCell.swift in Sources */,
				1E94DCFC203494B300BC3117 /* UINavigationController+Replace.swift in Sources */,
				1E983D8B2039C1E00050D10F /* ColorTableViewCell.swift in Sources */,
				1EE7EBE8202B585F0093ED37 /* RootTabBarController.swift in Sources */,
				1E983D8D2039C1E00050D10F /* BackupView.swift in Sources */,
				1E983D9C2039C23B0050D10F /* LegacyImporter.swift in Sources */,
				1E983D9D2039C23B0050D10F /* DataInjector.swift in Sources */,
				1E983D8F2039C1E00050D10F /* HomeworkTableViewCell.swift in Sources */,
				1EBA266F201D0B060042E03D /* CreateSubjectViewController.swift in Sources */,
				1E983D8E2039C1E00050D10F /* SubjectTableViewCell.swift in Sources */,
				1EC2ACB22031BA6700969D3A /* HomeworkContentViewController.swift in Sources */,
				1E8EFA0E2028FA7B003D711C /* TimetableViewController.swift in Sources */,
				1E268A4E2039E69600C227DA /* LessonViewModel.swift in Sources */,
				1E268A4C2039DAF300C227DA /* SubjectViewModel.swift in Sources */,
				1E09A0C9203B006500AF9228 /* AttachmentViewModel.swift in Sources */,
				1E7DCBD0202DAD5800C7B1BC /* ActionsView.swift in Sources */,
				1E8EFA142029DAAB003D711C /* CreateLessonViewController.swift in Sources */,
				1ECDFFC8202C9B0F005A4731 /* CalendarViewController.swift in Sources */,
				1E983D982039C23B0050D10F /* Day.swift in Sources */,
				1E983D872039C1CE0050D10F /* UIViewController+ShowAlert.swift in Sources */,
				1EBA2673201D3D3D0042E03D /* HomeworkViewController.swift in Sources */,
				1E983DA42039C2590050D10F /* UIView+Borders.swift in Sources */,
				1E09A0CF203B02FB00AF9228 /* UrlAttachmentViewModel.swift in Sources */,
				1E983DA12039C23F0050D10F /* Date+OrdinalIndicatorString.swift in Sources */,
				1EFCA768202DEF8200DB9C11 /* UrlAttachmentTableViewCell.swift in Sources */,
				1EBC88E9202890BC003937FD /* DayDatePickerViewController.swift in Sources */,
				1E983D9E2039C23B0050D10F /* InAppPurchase.swift in Sources */,
				1E6B91BB2021E4D10019FC5D /* SelectColorView.swift in Sources */,
				1EFCA76A202DEFD100DB9C11 /* ImageAttachmentTableViewCell.swift in Sources */,
				1E983D9B2039C23B0050D10F /* Timetable.swift in Sources */,
				1E8EFA1A2029DC31003D711C /* TimePickerViewController.swift in Sources */,
				1E983DA52039C2590050D10F /* UIView+FadeInOut.swift in Sources */,
				1E983DA22039C24A0050D10F /* Homework_Planner.xcdatamodeld in Sources */,
				1EBA2675201D45B80042E03D /* CreateHomeworkViewController.swift in Sources */,
				1E7DCBCA202DAAB800C7B1BC /* AttachmentsViewController.swift in Sources */,
				1E983DA62039C2590050D10F /* UIView+FindViewWithClassNamed.swift in Sources */,
				1E09A0CC203B00FC00AF9228 /* ImageAttachmentViewModel.swift in Sources */,
				1E983DA32039C2590050D10F /* UIBarButtonItem+SetHidden.swift in Sources */,
				1E67240A202DFC2A000A0B95 /* CreateAttachmentViewController.swift in Sources */,
				1E3998422021F62B002DFFA3 /* PanelView.swift in Sources */,
				1E983D8A2039C1D70050D10F /* DataViewController.swift in Sources */,
				1E268A4A2039DAE800C227DA /* HomeworkViewModel.swift in Sources */,
				1EECD575201FC4710091B0B8 /* ContainerView.swift in Sources */,
				1E7DCBCE202DAC2E00C7B1BC /* CreateUrlAttachmentViewController.swift in Sources */,
				1E983D892039C1D70050D10F /* DayViewController.swift in Sources */,
				1EF6A89C201D030F009F2BC7 /* AppDelegate.swift in Sources */,
				1E983D882039C1D70050D10F /* EditableViewController.swift in Sources */,
				1EBA2677201D467C0042E03D /* SelectSubjectViewController.swift in Sources */,
				1E983D992039C23B0050D10F /* CoreDataStorage.swift in Sources */,
				1E672408202DFB52000A0B95 /* CreateImageAttachmentViewController.swift in Sources */,
			);
			runOnlyForDeploymentPostprocessing = 0;
		};
		1EF6A8AB201D030F009F2BC7 /* Sources */ = {
			isa = PBXSourcesBuildPhase;
			buildActionMask = 2147483647;
			files = (
				1E983D932039C2340050D10F /* Date+FormattedDayNameTests.swift in Sources */,
				1E983D922039C2340050D10F /* UIColor+StringTests.swift in Sources */,
				1E983D912039C2300050D10F /* SubjectTests.swift in Sources */,
				1E983D942039C2340050D10F /* Date+OrdinalIndicatorStringTests.swift in Sources */,
				1E983D902039C2300050D10F /* HomeworkTests.swift in Sources */,
			);
			runOnlyForDeploymentPostprocessing = 0;
		};
/* End PBXSourcesBuildPhase section */

/* Begin PBXTargetDependency section */
		1EC2AC6E2031A04100969D3A /* PBXTargetDependency */ = {
			isa = PBXTargetDependency;
			target = 1EC2AC622031A04100969D3A /* today */;
			targetProxy = 1EC2AC6D2031A04100969D3A /* PBXContainerItemProxy */;
		};
		1EF6A8B1201D030F009F2BC7 /* PBXTargetDependency */ = {
			isa = PBXTargetDependency;
			target = 1EF6A897201D030F009F2BC7 /* Homework Planner */;
			targetProxy = 1EF6A8B0201D030F009F2BC7 /* PBXContainerItemProxy */;
		};
/* End PBXTargetDependency section */

/* Begin PBXVariantGroup section */
		1E39984420220BF1002DFFA3 /* Localizable.strings */ = {
			isa = PBXVariantGroup;
			children = (
				1EE7EBE3202B521C0093ED37 /* en */,
			);
			name = Localizable.strings;
			sourceTree = "<group>";
		};
		1EC2AC692031A04100969D3A /* MainInterface.storyboard */ = {
			isa = PBXVariantGroup;
			children = (
				1EC2AC6A2031A04100969D3A /* Base */,
			);
			name = MainInterface.storyboard;
			sourceTree = "<group>";
		};
		1ECC7EE02030D37E0032F709 /* Main.storyboard */ = {
			isa = PBXVariantGroup;
			children = (
				1ECC7EE12030D37E0032F709 /* Base */,
			);
			name = Main.storyboard;
			sourceTree = "<group>";
		};
		1EF6A8A7201D030F009F2BC7 /* LaunchScreen.storyboard */ = {
			isa = PBXVariantGroup;
			children = (
				1EF6A8A8201D030F009F2BC7 /* Base */,
			);
			name = LaunchScreen.storyboard;
			sourceTree = "<group>";
		};
/* End PBXVariantGroup section */

/* Begin XCBuildConfiguration section */
		1EC2AC702031A04100969D3A /* Debug */ = {
			isa = XCBuildConfiguration;
			baseConfigurationReference = EED5EA9B08F746FC2600DB2F /* Pods-today.debug.xcconfig */;
			buildSettings = {
				CODE_SIGN_ENTITLEMENTS = today/today.entitlements;
				CODE_SIGN_STYLE = Automatic;
				DEVELOPMENT_TEAM = 998TJ8ABD3;
				INFOPLIST_FILE = today/Info.plist;
				LD_RUNPATH_SEARCH_PATHS = "$(inherited) @executable_path/Frameworks @executable_path/../../Frameworks";
				PRODUCT_BUNDLE_IDENTIFIER = hugh.bellamy.homeworkplanner.today;
				PRODUCT_NAME = "$(TARGET_NAME)";
				SKIP_INSTALL = YES;
				SWIFT_ACTIVE_COMPILATION_CONDITIONS = "DEBUG TODAY_EXTENSION";
				SWIFT_VERSION = 4.0;
				TARGETED_DEVICE_FAMILY = "1,2";
			};
			name = Debug;
		};
		1EC2AC712031A04100969D3A /* Release */ = {
			isa = XCBuildConfiguration;
			baseConfigurationReference = DD23C15EFD93997CF2A4D65F /* Pods-today.release.xcconfig */;
			buildSettings = {
				CODE_SIGN_ENTITLEMENTS = today/today.entitlements;
				CODE_SIGN_STYLE = Automatic;
				DEVELOPMENT_TEAM = 998TJ8ABD3;
				INFOPLIST_FILE = today/Info.plist;
				LD_RUNPATH_SEARCH_PATHS = "$(inherited) @executable_path/Frameworks @executable_path/../../Frameworks";
				PRODUCT_BUNDLE_IDENTIFIER = hugh.bellamy.homeworkplanner.today;
				PRODUCT_NAME = "$(TARGET_NAME)";
				SKIP_INSTALL = YES;
				SWIFT_ACTIVE_COMPILATION_CONDITIONS = TODAY_EXTENSION;
				SWIFT_VERSION = 4.0;
				TARGETED_DEVICE_FAMILY = "1,2";
			};
			name = Release;
		};
		1EF6A8B6201D030F009F2BC7 /* Debug */ = {
			isa = XCBuildConfiguration;
			buildSettings = {
				ALWAYS_SEARCH_USER_PATHS = NO;
				CLANG_ANALYZER_NONNULL = YES;
				CLANG_ANALYZER_NUMBER_OBJECT_CONVERSION = YES_AGGRESSIVE;
				CLANG_CXX_LANGUAGE_STANDARD = "gnu++14";
				CLANG_CXX_LIBRARY = "libc++";
				CLANG_ENABLE_MODULES = YES;
				CLANG_ENABLE_OBJC_ARC = YES;
				CLANG_WARN_BLOCK_CAPTURE_AUTORELEASING = YES;
				CLANG_WARN_BOOL_CONVERSION = YES;
				CLANG_WARN_COMMA = YES;
				CLANG_WARN_CONSTANT_CONVERSION = YES;
				CLANG_WARN_DIRECT_OBJC_ISA_USAGE = YES_ERROR;
				CLANG_WARN_DOCUMENTATION_COMMENTS = YES;
				CLANG_WARN_EMPTY_BODY = YES;
				CLANG_WARN_ENUM_CONVERSION = YES;
				CLANG_WARN_INFINITE_RECURSION = YES;
				CLANG_WARN_INT_CONVERSION = YES;
				CLANG_WARN_NON_LITERAL_NULL_CONVERSION = YES;
				CLANG_WARN_OBJC_LITERAL_CONVERSION = YES;
				CLANG_WARN_OBJC_ROOT_CLASS = YES_ERROR;
				CLANG_WARN_RANGE_LOOP_ANALYSIS = YES;
				CLANG_WARN_STRICT_PROTOTYPES = YES;
				CLANG_WARN_SUSPICIOUS_MOVE = YES;
				CLANG_WARN_UNGUARDED_AVAILABILITY = YES_AGGRESSIVE;
				CLANG_WARN_UNREACHABLE_CODE = YES;
				CLANG_WARN__DUPLICATE_METHOD_MATCH = YES;
				CODE_SIGN_IDENTITY = "iPhone Developer";
				COPY_PHASE_STRIP = NO;
				DEBUG_ACTIVITY_MODE = disable;
				DEBUG_INFORMATION_FORMAT = dwarf;
				ENABLE_STRICT_OBJC_MSGSEND = YES;
				ENABLE_TESTABILITY = YES;
				GCC_C_LANGUAGE_STANDARD = gnu11;
				GCC_DYNAMIC_NO_PIC = NO;
				GCC_NO_COMMON_BLOCKS = YES;
				GCC_OPTIMIZATION_LEVEL = 0;
				GCC_PREPROCESSOR_DEFINITIONS = (
					"DEBUG=1",
					"$(inherited)",
				);
				GCC_WARN_64_TO_32_BIT_CONVERSION = YES;
				GCC_WARN_ABOUT_RETURN_TYPE = YES_ERROR;
				GCC_WARN_UNDECLARED_SELECTOR = YES;
				GCC_WARN_UNINITIALIZED_AUTOS = YES_AGGRESSIVE;
				GCC_WARN_UNUSED_FUNCTION = YES;
				GCC_WARN_UNUSED_VARIABLE = YES;
				IPHONEOS_DEPLOYMENT_TARGET = 11.2;
				MTL_ENABLE_DEBUG_INFO = YES;
				ONLY_ACTIVE_ARCH = YES;
				SDKROOT = iphoneos;
				SWIFT_ACTIVE_COMPILATION_CONDITIONS = DEBUG;
				SWIFT_OPTIMIZATION_LEVEL = "-Onone";
			};
			name = Debug;
		};
		1EF6A8B7201D030F009F2BC7 /* Release */ = {
			isa = XCBuildConfiguration;
			buildSettings = {
				ALWAYS_SEARCH_USER_PATHS = NO;
				CLANG_ANALYZER_NONNULL = YES;
				CLANG_ANALYZER_NUMBER_OBJECT_CONVERSION = YES_AGGRESSIVE;
				CLANG_CXX_LANGUAGE_STANDARD = "gnu++14";
				CLANG_CXX_LIBRARY = "libc++";
				CLANG_ENABLE_MODULES = YES;
				CLANG_ENABLE_OBJC_ARC = YES;
				CLANG_WARN_BLOCK_CAPTURE_AUTORELEASING = YES;
				CLANG_WARN_BOOL_CONVERSION = YES;
				CLANG_WARN_COMMA = YES;
				CLANG_WARN_CONSTANT_CONVERSION = YES;
				CLANG_WARN_DIRECT_OBJC_ISA_USAGE = YES_ERROR;
				CLANG_WARN_DOCUMENTATION_COMMENTS = YES;
				CLANG_WARN_EMPTY_BODY = YES;
				CLANG_WARN_ENUM_CONVERSION = YES;
				CLANG_WARN_INFINITE_RECURSION = YES;
				CLANG_WARN_INT_CONVERSION = YES;
				CLANG_WARN_NON_LITERAL_NULL_CONVERSION = YES;
				CLANG_WARN_OBJC_LITERAL_CONVERSION = YES;
				CLANG_WARN_OBJC_ROOT_CLASS = YES_ERROR;
				CLANG_WARN_RANGE_LOOP_ANALYSIS = YES;
				CLANG_WARN_STRICT_PROTOTYPES = YES;
				CLANG_WARN_SUSPICIOUS_MOVE = YES;
				CLANG_WARN_UNGUARDED_AVAILABILITY = YES_AGGRESSIVE;
				CLANG_WARN_UNREACHABLE_CODE = YES;
				CLANG_WARN__DUPLICATE_METHOD_MATCH = YES;
				CODE_SIGN_IDENTITY = "iPhone Developer";
				COPY_PHASE_STRIP = NO;
				DEBUG_ACTIVITY_MODE = disable;
				DEBUG_INFORMATION_FORMAT = "dwarf-with-dsym";
				ENABLE_NS_ASSERTIONS = NO;
				ENABLE_STRICT_OBJC_MSGSEND = YES;
				GCC_C_LANGUAGE_STANDARD = gnu11;
				GCC_NO_COMMON_BLOCKS = YES;
				GCC_WARN_64_TO_32_BIT_CONVERSION = YES;
				GCC_WARN_ABOUT_RETURN_TYPE = YES_ERROR;
				GCC_WARN_UNDECLARED_SELECTOR = YES;
				GCC_WARN_UNINITIALIZED_AUTOS = YES_AGGRESSIVE;
				GCC_WARN_UNUSED_FUNCTION = YES;
				GCC_WARN_UNUSED_VARIABLE = YES;
				IPHONEOS_DEPLOYMENT_TARGET = 11.2;
				MTL_ENABLE_DEBUG_INFO = NO;
				SDKROOT = iphoneos;
				SWIFT_OPTIMIZATION_LEVEL = "-Owholemodule";
				VALIDATE_PRODUCT = YES;
			};
			name = Release;
		};
		1EF6A8B9201D030F009F2BC7 /* Debug */ = {
			isa = XCBuildConfiguration;
			baseConfigurationReference = 3C97BCEE2D0B3A7F45F05122 /* Pods-Homework Planner.debug.xcconfig */;
			buildSettings = {
				ASSETCATALOG_COMPILER_APPICON_NAME = AppIcon;
				CODE_SIGN_ENTITLEMENTS = "Homework Planner/Homework Planner.entitlements";
				CODE_SIGN_STYLE = Automatic;
				DEVELOPMENT_TEAM = 998TJ8ABD3;
				INFOPLIST_FILE = "Homework Planner/Info.plist";
				LD_RUNPATH_SEARCH_PATHS = "$(inherited) @executable_path/Frameworks";
				PRODUCT_BUNDLE_IDENTIFIER = hugh.bellamy.homeworkplanner;
				PRODUCT_NAME = "$(TARGET_NAME)";
				SWIFT_VERSION = 4.0;
				TARGETED_DEVICE_FAMILY = "1,2";
			};
			name = Debug;
		};
		1EF6A8BA201D030F009F2BC7 /* Release */ = {
			isa = XCBuildConfiguration;
			baseConfigurationReference = E7C455C914383ECFA0B6C661 /* Pods-Homework Planner.release.xcconfig */;
			buildSettings = {
				ASSETCATALOG_COMPILER_APPICON_NAME = AppIcon;
				CODE_SIGN_ENTITLEMENTS = "Homework Planner/Homework Planner.entitlements";
				CODE_SIGN_STYLE = Automatic;
				DEVELOPMENT_TEAM = 998TJ8ABD3;
				INFOPLIST_FILE = "Homework Planner/Info.plist";
				LD_RUNPATH_SEARCH_PATHS = "$(inherited) @executable_path/Frameworks";
				PRODUCT_BUNDLE_IDENTIFIER = hugh.bellamy.homeworkplanner;
				PRODUCT_NAME = "$(TARGET_NAME)";
				SWIFT_VERSION = 4.0;
				TARGETED_DEVICE_FAMILY = "1,2";
			};
			name = Release;
		};
		1EF6A8BC201D030F009F2BC7 /* Debug */ = {
			isa = XCBuildConfiguration;
			buildSettings = {
				ALWAYS_EMBED_SWIFT_STANDARD_LIBRARIES = YES;
				BUNDLE_LOADER = "$(TEST_HOST)";
				CODE_SIGN_STYLE = Automatic;
				DEVELOPMENT_TEAM = 998TJ8ABD3;
				INFOPLIST_FILE = "tests/Homework Planner Tests/Info.plist";
				LD_RUNPATH_SEARCH_PATHS = "$(inherited) @executable_path/Frameworks @loader_path/Frameworks";
				PRODUCT_BUNDLE_IDENTIFIER = "com.hughbellamy.Homework-PlannerTests";
				PRODUCT_NAME = "$(TARGET_NAME)";
				SWIFT_VERSION = 4.0;
				TARGETED_DEVICE_FAMILY = "1,2";
				TEST_HOST = "$(BUILT_PRODUCTS_DIR)/Homework Planner.app/Homework Planner";
			};
			name = Debug;
		};
		1EF6A8BD201D030F009F2BC7 /* Release */ = {
			isa = XCBuildConfiguration;
			buildSettings = {
				ALWAYS_EMBED_SWIFT_STANDARD_LIBRARIES = YES;
				BUNDLE_LOADER = "$(TEST_HOST)";
				CODE_SIGN_STYLE = Automatic;
				DEVELOPMENT_TEAM = 998TJ8ABD3;
				INFOPLIST_FILE = "tests/Homework Planner Tests/Info.plist";
				LD_RUNPATH_SEARCH_PATHS = "$(inherited) @executable_path/Frameworks @loader_path/Frameworks";
				PRODUCT_BUNDLE_IDENTIFIER = "com.hughbellamy.Homework-PlannerTests";
				PRODUCT_NAME = "$(TARGET_NAME)";
				SWIFT_VERSION = 4.0;
				TARGETED_DEVICE_FAMILY = "1,2";
				TEST_HOST = "$(BUILT_PRODUCTS_DIR)/Homework Planner.app/Homework Planner";
			};
			name = Release;
		};
/* End XCBuildConfiguration section */

/* Begin XCConfigurationList section */
		1EC2AC722031A04100969D3A /* Build configuration list for PBXNativeTarget "today" */ = {
			isa = XCConfigurationList;
			buildConfigurations = (
				1EC2AC702031A04100969D3A /* Debug */,
				1EC2AC712031A04100969D3A /* Release */,
			);
			defaultConfigurationIsVisible = 0;
			defaultConfigurationName = Release;
		};
		1EF6A893201D030F009F2BC7 /* Build configuration list for PBXProject "Homework Planner" */ = {
			isa = XCConfigurationList;
			buildConfigurations = (
				1EF6A8B6201D030F009F2BC7 /* Debug */,
				1EF6A8B7201D030F009F2BC7 /* Release */,
			);
			defaultConfigurationIsVisible = 0;
			defaultConfigurationName = Release;
		};
		1EF6A8B8201D030F009F2BC7 /* Build configuration list for PBXNativeTarget "Homework Planner" */ = {
			isa = XCConfigurationList;
			buildConfigurations = (
				1EF6A8B9201D030F009F2BC7 /* Debug */,
				1EF6A8BA201D030F009F2BC7 /* Release */,
			);
			defaultConfigurationIsVisible = 0;
			defaultConfigurationName = Release;
		};
		1EF6A8BB201D030F009F2BC7 /* Build configuration list for PBXNativeTarget "Homework PlannerTests" */ = {
			isa = XCConfigurationList;
			buildConfigurations = (
				1EF6A8BC201D030F009F2BC7 /* Debug */,
				1EF6A8BD201D030F009F2BC7 /* Release */,
			);
			defaultConfigurationIsVisible = 0;
			defaultConfigurationName = Release;
		};
/* End XCConfigurationList section */

/* Begin XCVersionGroup section */
		1EF6A8A2201D030F009F2BC7 /* Homework_Planner.xcdatamodeld */ = {
			isa = XCVersionGroup;
			children = (
				1EF6A8A3201D030F009F2BC7 /* Homework_Planner.xcdatamodel */,
			);
			currentVersion = 1EF6A8A3201D030F009F2BC7 /* Homework_Planner.xcdatamodel */;
			path = Homework_Planner.xcdatamodeld;
			sourceTree = "<group>";
			versionGroupType = wrapper.xcdatamodel;
		};
/* End XCVersionGroup section */
	};
	rootObject = 1EF6A890201D030F009F2BC7 /* Project object */;
}
