// !$*UTF8*$!
{
	archiveVersion = 1;
	classes = {
	};
	objectVersion = 46;
	objects = {

/* Begin PBXBuildFile section */
		1E0BA8BA1B403D86006DC7E9 /* CalendarViewController.m in Sources */ = {isa = PBXBuildFile; fileRef = 1E0BA8511B403D85006DC7E9 /* CalendarViewController.m */; };
		1E0BA8BB1B403D86006DC7E9 /* HomeworkViewController.m in Sources */ = {isa = PBXBuildFile; fileRef = 1E0BA8531B403D85006DC7E9 /* HomeworkViewController.m */; };
		1E0BA8BC1B403D86006DC7E9 /* TimetableViewController.m in Sources */ = {isa = PBXBuildFile; fileRef = 1E0BA8551B403D85006DC7E9 /* TimetableViewController.m */; };
		1E0BA8BD1B403D86006DC7E9 /* Attachment.m in Sources */ = {isa = PBXBuildFile; fileRef = 1E0BA8581B403D85006DC7E9 /* Attachment.m */; };
		1E0BA8BE1B403D86006DC7E9 /* Day.m in Sources */ = {isa = PBXBuildFile; fileRef = 1E0BA85A1B403D85006DC7E9 /* Day.m */; };
		1E0BA8BF1B403D86006DC7E9 /* Homework.m in Sources */ = {isa = PBXBuildFile; fileRef = 1E0BA85C1B403D85006DC7E9 /* Homework.m */; };
		1E0BA8C01B403D86006DC7E9 /* Lesson.m in Sources */ = {isa = PBXBuildFile; fileRef = 1E0BA85E1B403D86006DC7E9 /* Lesson.m */; };
		1E0BA8C11B403D86006DC7E9 /* DaysManager.m in Sources */ = {isa = PBXBuildFile; fileRef = 1E0BA8611B403D86006DC7E9 /* DaysManager.m */; };
		1E0BA8C21B403D86006DC7E9 /* HomeworkManager.m in Sources */ = {isa = PBXBuildFile; fileRef = 1E0BA8631B403D86006DC7E9 /* HomeworkManager.m */; };
		1E0BA8C31B403D86006DC7E9 /* IDGenerator.m in Sources */ = {isa = PBXBuildFile; fileRef = 1E0BA8651B403D86006DC7E9 /* IDGenerator.m */; };
		1E0BA8C41B403D86006DC7E9 /* SubjectsManager.m in Sources */ = {isa = PBXBuildFile; fileRef = 1E0BA8671B403D86006DC7E9 /* SubjectsManager.m */; };
		1E0BA8C51B403D86006DC7E9 /* TimetableManager.m in Sources */ = {isa = PBXBuildFile; fileRef = 1E0BA8691B403D86006DC7E9 /* TimetableManager.m */; };
		1E0BA8C61B403D86006DC7E9 /* Subject.m in Sources */ = {isa = PBXBuildFile; fileRef = 1E0BA86B1B403D86006DC7E9 /* Subject.m */; };
		1E0BA8C71B403D86006DC7E9 /* AppDelegate.m in Sources */ = {isa = PBXBuildFile; fileRef = 1E0BA86E1B403D86006DC7E9 /* AppDelegate.m */; };
		1E0BA8C81B403D86006DC7E9 /* Images.xcassets in Resources */ = {isa = PBXBuildFile; fileRef = 1E0BA86F1B403D86006DC7E9 /* Images.xcassets */; };
		1E0BA8CA1B403D86006DC7E9 /* main.m in Sources */ = {isa = PBXBuildFile; fileRef = 1E0BA8711B403D86006DC7E9 /* main.m */; };
		1E0BA8CD1B403D86006DC7E9 /* AttachmentPreviewView.m in Sources */ = {isa = PBXBuildFile; fileRef = 1E0BA8791B403D86006DC7E9 /* AttachmentPreviewView.m */; };
		1E0BA8CE1B403D86006DC7E9 /* AttachmentTableViewCell.xib in Resources */ = {isa = PBXBuildFile; fileRef = 1E0BA87A1B403D86006DC7E9 /* AttachmentTableViewCell.xib */; };
		1E0BA8CF1B403D86006DC7E9 /* CreatePhotoView.m in Sources */ = {isa = PBXBuildFile; fileRef = 1E0BA87C1B403D86006DC7E9 /* CreatePhotoView.m */; };
		1E0BA8D01B403D86006DC7E9 /* CreateWebsiteView.m in Sources */ = {isa = PBXBuildFile; fileRef = 1E0BA87E1B403D86006DC7E9 /* CreateWebsiteView.m */; };
		1E0BA8D11B403D86006DC7E9 /* CreateDayView.m in Sources */ = {isa = PBXBuildFile; fileRef = 1E0BA8831B403D86006DC7E9 /* CreateDayView.m */; };
		1E0BA8D21B403D86006DC7E9 /* DaysView.m in Sources */ = {isa = PBXBuildFile; fileRef = 1E0BA8861B403D86006DC7E9 /* DaysView.m */; };
		1E0BA8D31B403D86006DC7E9 /* DaysView.xib in Resources */ = {isa = PBXBuildFile; fileRef = 1E0BA8871B403D86006DC7E9 /* DaysView.xib */; };
		1E0BA8D41B403D86006DC7E9 /* DayTableViewCell.xib in Resources */ = {isa = PBXBuildFile; fileRef = 1E0BA8881B403D86006DC7E9 /* DayTableViewCell.xib */; };
		1E0BA8D51B403D86006DC7E9 /* CreateSubjectView.m in Sources */ = {isa = PBXBuildFile; fileRef = 1E0BA88C1B403D86006DC7E9 /* CreateSubjectView.m */; };
		1E0BA8D61B403D86006DC7E9 /* SubjectsView.m in Sources */ = {isa = PBXBuildFile; fileRef = 1E0BA88F1B403D86006DC7E9 /* SubjectsView.m */; };
		1E0BA8D71B403D86006DC7E9 /* SubjectsView.xib in Resources */ = {isa = PBXBuildFile; fileRef = 1E0BA8901B403D86006DC7E9 /* SubjectsView.xib */; };
		1E0BA8D81B403D86006DC7E9 /* SubjectTableViewCell.xib in Resources */ = {isa = PBXBuildFile; fileRef = 1E0BA8911B403D86006DC7E9 /* SubjectTableViewCell.xib */; };
		1E0BA8DA1B403D86006DC7E9 /* CreateHomeworkDueDateView.m in Sources */ = {isa = PBXBuildFile; fileRef = 1E0BA8981B403D86006DC7E9 /* CreateHomeworkDueDateView.m */; };
		1E0BA8DB1B403D86006DC7E9 /* CreateHomeworkView.m in Sources */ = {isa = PBXBuildFile; fileRef = 1E0BA89A1B403D86006DC7E9 /* CreateHomeworkView.m */; };
		1E0BA8DC1B403D86006DC7E9 /* CreateHomeworkView.xib in Resources */ = {isa = PBXBuildFile; fileRef = 1E0BA89B1B403D86006DC7E9 /* CreateHomeworkView.xib */; };
		1E0BA8DD1B403D86006DC7E9 /* CreateHomeworkWorkSetView.m in Sources */ = {isa = PBXBuildFile; fileRef = 1E0BA89D1B403D86006DC7E9 /* CreateHomeworkWorkSetView.m */; };
		1E0BA8DE1B403D86006DC7E9 /* SearchToolbar.m in Sources */ = {isa = PBXBuildFile; fileRef = 1E0BA8A01B403D86006DC7E9 /* SearchToolbar.m */; };
		1E0BA8DF1B403D86006DC7E9 /* SearchToolbar.xib in Resources */ = {isa = PBXBuildFile; fileRef = 1E0BA8A11B403D86006DC7E9 /* SearchToolbar.xib */; };
		1E0BA8E01B403D86006DC7E9 /* HomeworkTableViewCell.m in Sources */ = {isa = PBXBuildFile; fileRef = 1E0BA8A51B403D86006DC7E9 /* HomeworkTableViewCell.m */; };
		1E0BA8E11B403D86006DC7E9 /* HomeworkTableViewCell.xib in Resources */ = {isa = PBXBuildFile; fileRef = 1E0BA8A61B403D86006DC7E9 /* HomeworkTableViewCell.xib */; };
		1E0BA8E21B403D86006DC7E9 /* TickButton.m in Sources */ = {isa = PBXBuildFile; fileRef = 1E0BA8A81B403D86006DC7E9 /* TickButton.m */; };
		1E0BA8E31B403D86006DC7E9 /* QuickHomeworkView.m in Sources */ = {isa = PBXBuildFile; fileRef = 1E0BA8AB1B403D86006DC7E9 /* QuickHomeworkView.m */; };
		1E0BA8E41B403D86006DC7E9 /* QuickHomeworkView.xib in Resources */ = {isa = PBXBuildFile; fileRef = 1E0BA8AC1B403D86006DC7E9 /* QuickHomeworkView.xib */; };
		1E0BA8E51B403D86006DC7E9 /* CreateLessonEndTimeView.m in Sources */ = {isa = PBXBuildFile; fileRef = 1E0BA8B01B403D86006DC7E9 /* CreateLessonEndTimeView.m */; };
		1E0BA8E61B403D86006DC7E9 /* CreateLessonStartTimeView.m in Sources */ = {isa = PBXBuildFile; fileRef = 1E0BA8B21B403D86006DC7E9 /* CreateLessonStartTimeView.m */; };
		1E0BA8E71B403D86006DC7E9 /* CreateLessonView.m in Sources */ = {isa = PBXBuildFile; fileRef = 1E0BA8B41B403D86006DC7E9 /* CreateLessonView.m */; };
		1E0BA8E81B403D86006DC7E9 /* CreateLessonView.xib in Resources */ = {isa = PBXBuildFile; fileRef = 1E0BA8B51B403D86006DC7E9 /* CreateLessonView.xib */; };
		1E0BA8E91B403D86006DC7E9 /* LessonTableViewCell.m in Sources */ = {isa = PBXBuildFile; fileRef = 1E0BA8B81B403D86006DC7E9 /* LessonTableViewCell.m */; };
		1E0BA8EA1B403D86006DC7E9 /* LessonTableViewCell.xib in Resources */ = {isa = PBXBuildFile; fileRef = 1E0BA8B91B403D86006DC7E9 /* LessonTableViewCell.xib */; };
		1E0BA9051B403EB8006DC7E9 /* DayDatePickerView.m in Sources */ = {isa = PBXBuildFile; fileRef = 1E0BA8F51B403EB8006DC7E9 /* DayDatePickerView.m */; };
		1E0BA90C1B403EB8006DC7E9 /* TimePickerView.m in Sources */ = {isa = PBXBuildFile; fileRef = 1E0BA9041B403EB8006DC7E9 /* TimePickerView.m */; };
		1EAE0C941F67EB77005C8459 /* LaunchStoryboard.storyboard in Resources */ = {isa = PBXBuildFile; fileRef = 1EAE0C911F67EB77005C8459 /* LaunchStoryboard.storyboard */; };
		1EAE0C9F1F67EC75005C8459 /* Main.storyboard in Resources */ = {isa = PBXBuildFile; fileRef = 1EAE0C9D1F67EC75005C8459 /* Main.storyboard */; };
		1EAE0CA21F67ECA2005C8459 /* Localizable.strings in Resources */ = {isa = PBXBuildFile; fileRef = 1EAE0CA01F67ECA2005C8459 /* Localizable.strings */; };
		21B60963E56CCE84238B2CE7 /* libPods-Homework Planner.a in Frameworks */ = {isa = PBXBuildFile; fileRef = 7B760143D6302489B6947B5C /* libPods-Homework Planner.a */; };
/* End PBXBuildFile section */

/* Begin PBXCopyFilesBuildPhase section */
		1E9EAF421A7034E000576DD9 /* Embed App Extensions */ = {
			isa = PBXCopyFilesBuildPhase;
			buildActionMask = 2147483647;
			dstPath = "";
			dstSubfolderSpec = 13;
			files = (
			);
			name = "Embed App Extensions";
			runOnlyForDeploymentPostprocessing = 0;
		};
/* End PBXCopyFilesBuildPhase section */

/* Begin PBXFileReference section */
		1E0BA8501B403D85006DC7E9 /* CalendarViewController.h */ = {isa = PBXFileReference; fileEncoding = 4; lastKnownFileType = sourcecode.c.h; path = CalendarViewController.h; sourceTree = "<group>"; };
		1E0BA8511B403D85006DC7E9 /* CalendarViewController.m */ = {isa = PBXFileReference; fileEncoding = 4; lastKnownFileType = sourcecode.c.objc; path = CalendarViewController.m; sourceTree = "<group>"; };
		1E0BA8521B403D85006DC7E9 /* HomeworkViewController.h */ = {isa = PBXFileReference; fileEncoding = 4; lastKnownFileType = sourcecode.c.h; path = HomeworkViewController.h; sourceTree = "<group>"; };
		1E0BA8531B403D85006DC7E9 /* HomeworkViewController.m */ = {isa = PBXFileReference; fileEncoding = 4; lastKnownFileType = sourcecode.c.objc; path = HomeworkViewController.m; sourceTree = "<group>"; };
		1E0BA8541B403D85006DC7E9 /* TimetableViewController.h */ = {isa = PBXFileReference; fileEncoding = 4; lastKnownFileType = sourcecode.c.h; path = TimetableViewController.h; sourceTree = "<group>"; };
		1E0BA8551B403D85006DC7E9 /* TimetableViewController.m */ = {isa = PBXFileReference; fileEncoding = 4; lastKnownFileType = sourcecode.c.objc; path = TimetableViewController.m; sourceTree = "<group>"; };
		1E0BA8571B403D85006DC7E9 /* Attachment.h */ = {isa = PBXFileReference; fileEncoding = 4; lastKnownFileType = sourcecode.c.h; path = Attachment.h; sourceTree = "<group>"; };
		1E0BA8581B403D85006DC7E9 /* Attachment.m */ = {isa = PBXFileReference; fileEncoding = 4; lastKnownFileType = sourcecode.c.objc; path = Attachment.m; sourceTree = "<group>"; };
		1E0BA8591B403D85006DC7E9 /* Day.h */ = {isa = PBXFileReference; fileEncoding = 4; lastKnownFileType = sourcecode.c.h; path = Day.h; sourceTree = "<group>"; };
		1E0BA85A1B403D85006DC7E9 /* Day.m */ = {isa = PBXFileReference; fileEncoding = 4; lastKnownFileType = sourcecode.c.objc; path = Day.m; sourceTree = "<group>"; };
		1E0BA85B1B403D85006DC7E9 /* Homework.h */ = {isa = PBXFileReference; fileEncoding = 4; lastKnownFileType = sourcecode.c.h; path = Homework.h; sourceTree = "<group>"; };
		1E0BA85C1B403D85006DC7E9 /* Homework.m */ = {isa = PBXFileReference; fileEncoding = 4; lastKnownFileType = sourcecode.c.objc; path = Homework.m; sourceTree = "<group>"; };
		1E0BA85D1B403D86006DC7E9 /* Lesson.h */ = {isa = PBXFileReference; fileEncoding = 4; lastKnownFileType = sourcecode.c.h; path = Lesson.h; sourceTree = "<group>"; };
		1E0BA85E1B403D86006DC7E9 /* Lesson.m */ = {isa = PBXFileReference; fileEncoding = 4; lastKnownFileType = sourcecode.c.objc; path = Lesson.m; sourceTree = "<group>"; };
		1E0BA8601B403D86006DC7E9 /* DaysManager.h */ = {isa = PBXFileReference; fileEncoding = 4; lastKnownFileType = sourcecode.c.h; path = DaysManager.h; sourceTree = "<group>"; };
		1E0BA8611B403D86006DC7E9 /* DaysManager.m */ = {isa = PBXFileReference; fileEncoding = 4; lastKnownFileType = sourcecode.c.objc; path = DaysManager.m; sourceTree = "<group>"; };
		1E0BA8621B403D86006DC7E9 /* HomeworkManager.h */ = {isa = PBXFileReference; fileEncoding = 4; lastKnownFileType = sourcecode.c.h; path = HomeworkManager.h; sourceTree = "<group>"; };
		1E0BA8631B403D86006DC7E9 /* HomeworkManager.m */ = {isa = PBXFileReference; fileEncoding = 4; lastKnownFileType = sourcecode.c.objc; path = HomeworkManager.m; sourceTree = "<group>"; };
		1E0BA8641B403D86006DC7E9 /* IDGenerator.h */ = {isa = PBXFileReference; fileEncoding = 4; lastKnownFileType = sourcecode.c.h; path = IDGenerator.h; sourceTree = "<group>"; };
		1E0BA8651B403D86006DC7E9 /* IDGenerator.m */ = {isa = PBXFileReference; fileEncoding = 4; lastKnownFileType = sourcecode.c.objc; path = IDGenerator.m; sourceTree = "<group>"; };
		1E0BA8661B403D86006DC7E9 /* SubjectsManager.h */ = {isa = PBXFileReference; fileEncoding = 4; lastKnownFileType = sourcecode.c.h; path = SubjectsManager.h; sourceTree = "<group>"; };
		1E0BA8671B403D86006DC7E9 /* SubjectsManager.m */ = {isa = PBXFileReference; fileEncoding = 4; lastKnownFileType = sourcecode.c.objc; path = SubjectsManager.m; sourceTree = "<group>"; };
		1E0BA8681B403D86006DC7E9 /* TimetableManager.h */ = {isa = PBXFileReference; fileEncoding = 4; lastKnownFileType = sourcecode.c.h; path = TimetableManager.h; sourceTree = "<group>"; };
		1E0BA8691B403D86006DC7E9 /* TimetableManager.m */ = {isa = PBXFileReference; fileEncoding = 4; lastKnownFileType = sourcecode.c.objc; path = TimetableManager.m; sourceTree = "<group>"; };
		1E0BA86A1B403D86006DC7E9 /* Subject.h */ = {isa = PBXFileReference; fileEncoding = 4; lastKnownFileType = sourcecode.c.h; path = Subject.h; sourceTree = "<group>"; };
		1E0BA86B1B403D86006DC7E9 /* Subject.m */ = {isa = PBXFileReference; fileEncoding = 4; lastKnownFileType = sourcecode.c.objc; path = Subject.m; sourceTree = "<group>"; };
		1E0BA86D1B403D86006DC7E9 /* AppDelegate.h */ = {isa = PBXFileReference; fileEncoding = 4; lastKnownFileType = sourcecode.c.h; path = AppDelegate.h; sourceTree = "<group>"; };
		1E0BA86E1B403D86006DC7E9 /* AppDelegate.m */ = {isa = PBXFileReference; fileEncoding = 4; lastKnownFileType = sourcecode.c.objc; path = AppDelegate.m; sourceTree = "<group>"; };
		1E0BA86F1B403D86006DC7E9 /* Images.xcassets */ = {isa = PBXFileReference; lastKnownFileType = folder.assetcatalog; path = Images.xcassets; sourceTree = "<group>"; };
		1E0BA8701B403D86006DC7E9 /* Info.plist */ = {isa = PBXFileReference; fileEncoding = 4; lastKnownFileType = text.plist.xml; path = Info.plist; sourceTree = "<group>"; };
		1E0BA8711B403D86006DC7E9 /* main.m */ = {isa = PBXFileReference; fileEncoding = 4; lastKnownFileType = sourcecode.c.objc; path = main.m; sourceTree = "<group>"; };
		1E0BA8781B403D86006DC7E9 /* AttachmentPreviewView.h */ = {isa = PBXFileReference; fileEncoding = 4; lastKnownFileType = sourcecode.c.h; path = AttachmentPreviewView.h; sourceTree = "<group>"; };
		1E0BA8791B403D86006DC7E9 /* AttachmentPreviewView.m */ = {isa = PBXFileReference; fileEncoding = 4; lastKnownFileType = sourcecode.c.objc; path = AttachmentPreviewView.m; sourceTree = "<group>"; };
		1E0BA87A1B403D86006DC7E9 /* AttachmentTableViewCell.xib */ = {isa = PBXFileReference; fileEncoding = 4; lastKnownFileType = file.xib; path = AttachmentTableViewCell.xib; sourceTree = "<group>"; };
		1E0BA87B1B403D86006DC7E9 /* CreatePhotoView.h */ = {isa = PBXFileReference; fileEncoding = 4; lastKnownFileType = sourcecode.c.h; path = CreatePhotoView.h; sourceTree = "<group>"; };
		1E0BA87C1B403D86006DC7E9 /* CreatePhotoView.m */ = {isa = PBXFileReference; fileEncoding = 4; lastKnownFileType = sourcecode.c.objc; path = CreatePhotoView.m; sourceTree = "<group>"; };
		1E0BA87D1B403D86006DC7E9 /* CreateWebsiteView.h */ = {isa = PBXFileReference; fileEncoding = 4; lastKnownFileType = sourcecode.c.h; path = CreateWebsiteView.h; sourceTree = "<group>"; };
		1E0BA87E1B403D86006DC7E9 /* CreateWebsiteView.m */ = {isa = PBXFileReference; fileEncoding = 4; lastKnownFileType = sourcecode.c.objc; path = CreateWebsiteView.m; sourceTree = "<group>"; };
		1E0BA8821B403D86006DC7E9 /* CreateDayView.h */ = {isa = PBXFileReference; fileEncoding = 4; lastKnownFileType = sourcecode.c.h; path = CreateDayView.h; sourceTree = "<group>"; };
		1E0BA8831B403D86006DC7E9 /* CreateDayView.m */ = {isa = PBXFileReference; fileEncoding = 4; lastKnownFileType = sourcecode.c.objc; path = CreateDayView.m; sourceTree = "<group>"; };
		1E0BA8851B403D86006DC7E9 /* DaysView.h */ = {isa = PBXFileReference; fileEncoding = 4; lastKnownFileType = sourcecode.c.h; path = DaysView.h; sourceTree = "<group>"; };
		1E0BA8861B403D86006DC7E9 /* DaysView.m */ = {isa = PBXFileReference; fileEncoding = 4; lastKnownFileType = sourcecode.c.objc; path = DaysView.m; sourceTree = "<group>"; };
		1E0BA8871B403D86006DC7E9 /* DaysView.xib */ = {isa = PBXFileReference; fileEncoding = 4; lastKnownFileType = file.xib; path = DaysView.xib; sourceTree = "<group>"; };
		1E0BA8881B403D86006DC7E9 /* DayTableViewCell.xib */ = {isa = PBXFileReference; fileEncoding = 4; lastKnownFileType = file.xib; path = DayTableViewCell.xib; sourceTree = "<group>"; };
		1E0BA88B1B403D86006DC7E9 /* CreateSubjectView.h */ = {isa = PBXFileReference; fileEncoding = 4; lastKnownFileType = sourcecode.c.h; path = CreateSubjectView.h; sourceTree = "<group>"; };
		1E0BA88C1B403D86006DC7E9 /* CreateSubjectView.m */ = {isa = PBXFileReference; fileEncoding = 4; lastKnownFileType = sourcecode.c.objc; path = CreateSubjectView.m; sourceTree = "<group>"; };
		1E0BA88E1B403D86006DC7E9 /* SubjectsView.h */ = {isa = PBXFileReference; fileEncoding = 4; lastKnownFileType = sourcecode.c.h; path = SubjectsView.h; sourceTree = "<group>"; };
		1E0BA88F1B403D86006DC7E9 /* SubjectsView.m */ = {isa = PBXFileReference; fileEncoding = 4; lastKnownFileType = sourcecode.c.objc; path = SubjectsView.m; sourceTree = "<group>"; };
		1E0BA8901B403D86006DC7E9 /* SubjectsView.xib */ = {isa = PBXFileReference; fileEncoding = 4; lastKnownFileType = file.xib; path = SubjectsView.xib; sourceTree = "<group>"; };
		1E0BA8911B403D86006DC7E9 /* SubjectTableViewCell.xib */ = {isa = PBXFileReference; fileEncoding = 4; lastKnownFileType = file.xib; path = SubjectTableViewCell.xib; sourceTree = "<group>"; };
		1E0BA8971B403D86006DC7E9 /* CreateHomeworkDueDateView.h */ = {isa = PBXFileReference; fileEncoding = 4; lastKnownFileType = sourcecode.c.h; path = CreateHomeworkDueDateView.h; sourceTree = "<group>"; };
		1E0BA8981B403D86006DC7E9 /* CreateHomeworkDueDateView.m */ = {isa = PBXFileReference; fileEncoding = 4; lastKnownFileType = sourcecode.c.objc; path = CreateHomeworkDueDateView.m; sourceTree = "<group>"; };
		1E0BA8991B403D86006DC7E9 /* CreateHomeworkView.h */ = {isa = PBXFileReference; fileEncoding = 4; lastKnownFileType = sourcecode.c.h; path = CreateHomeworkView.h; sourceTree = "<group>"; };
		1E0BA89A1B403D86006DC7E9 /* CreateHomeworkView.m */ = {isa = PBXFileReference; fileEncoding = 4; lastKnownFileType = sourcecode.c.objc; path = CreateHomeworkView.m; sourceTree = "<group>"; };
		1E0BA89B1B403D86006DC7E9 /* CreateHomeworkView.xib */ = {isa = PBXFileReference; fileEncoding = 4; lastKnownFileType = file.xib; path = CreateHomeworkView.xib; sourceTree = "<group>"; };
		1E0BA89C1B403D86006DC7E9 /* CreateHomeworkWorkSetView.h */ = {isa = PBXFileReference; fileEncoding = 4; lastKnownFileType = sourcecode.c.h; path = CreateHomeworkWorkSetView.h; sourceTree = "<group>"; };
		1E0BA89D1B403D86006DC7E9 /* CreateHomeworkWorkSetView.m */ = {isa = PBXFileReference; fileEncoding = 4; lastKnownFileType = sourcecode.c.objc; path = CreateHomeworkWorkSetView.m; sourceTree = "<group>"; };
		1E0BA89F1B403D86006DC7E9 /* SearchToolbar.h */ = {isa = PBXFileReference; fileEncoding = 4; lastKnownFileType = sourcecode.c.h; path = SearchToolbar.h; sourceTree = "<group>"; };
		1E0BA8A01B403D86006DC7E9 /* SearchToolbar.m */ = {isa = PBXFileReference; fileEncoding = 4; lastKnownFileType = sourcecode.c.objc; path = SearchToolbar.m; sourceTree = "<group>"; };
		1E0BA8A11B403D86006DC7E9 /* SearchToolbar.xib */ = {isa = PBXFileReference; fileEncoding = 4; lastKnownFileType = file.xib; path = SearchToolbar.xib; sourceTree = "<group>"; };
		1E0BA8A41B403D86006DC7E9 /* HomeworkTableViewCell.h */ = {isa = PBXFileReference; fileEncoding = 4; lastKnownFileType = sourcecode.c.h; path = HomeworkTableViewCell.h; sourceTree = "<group>"; };
		1E0BA8A51B403D86006DC7E9 /* HomeworkTableViewCell.m */ = {isa = PBXFileReference; fileEncoding = 4; lastKnownFileType = sourcecode.c.objc; path = HomeworkTableViewCell.m; sourceTree = "<group>"; };
		1E0BA8A61B403D86006DC7E9 /* HomeworkTableViewCell.xib */ = {isa = PBXFileReference; fileEncoding = 4; lastKnownFileType = file.xib; path = HomeworkTableViewCell.xib; sourceTree = "<group>"; };
		1E0BA8A71B403D86006DC7E9 /* TickButton.h */ = {isa = PBXFileReference; fileEncoding = 4; lastKnownFileType = sourcecode.c.h; path = TickButton.h; sourceTree = "<group>"; };
		1E0BA8A81B403D86006DC7E9 /* TickButton.m */ = {isa = PBXFileReference; fileEncoding = 4; lastKnownFileType = sourcecode.c.objc; path = TickButton.m; sourceTree = "<group>"; };
		1E0BA8AA1B403D86006DC7E9 /* QuickHomeworkView.h */ = {isa = PBXFileReference; fileEncoding = 4; lastKnownFileType = sourcecode.c.h; path = QuickHomeworkView.h; sourceTree = "<group>"; };
		1E0BA8AB1B403D86006DC7E9 /* QuickHomeworkView.m */ = {isa = PBXFileReference; fileEncoding = 4; lastKnownFileType = sourcecode.c.objc; path = QuickHomeworkView.m; sourceTree = "<group>"; };
		1E0BA8AC1B403D86006DC7E9 /* QuickHomeworkView.xib */ = {isa = PBXFileReference; fileEncoding = 4; lastKnownFileType = file.xib; path = QuickHomeworkView.xib; sourceTree = "<group>"; };
		1E0BA8AF1B403D86006DC7E9 /* CreateLessonEndTimeView.h */ = {isa = PBXFileReference; fileEncoding = 4; lastKnownFileType = sourcecode.c.h; path = CreateLessonEndTimeView.h; sourceTree = "<group>"; };
		1E0BA8B01B403D86006DC7E9 /* CreateLessonEndTimeView.m */ = {isa = PBXFileReference; fileEncoding = 4; lastKnownFileType = sourcecode.c.objc; path = CreateLessonEndTimeView.m; sourceTree = "<group>"; };
		1E0BA8B11B403D86006DC7E9 /* CreateLessonStartTimeView.h */ = {isa = PBXFileReference; fileEncoding = 4; lastKnownFileType = sourcecode.c.h; path = CreateLessonStartTimeView.h; sourceTree = "<group>"; };
		1E0BA8B21B403D86006DC7E9 /* CreateLessonStartTimeView.m */ = {isa = PBXFileReference; fileEncoding = 4; lastKnownFileType = sourcecode.c.objc; path = CreateLessonStartTimeView.m; sourceTree = "<group>"; };
		1E0BA8B31B403D86006DC7E9 /* CreateLessonView.h */ = {isa = PBXFileReference; fileEncoding = 4; lastKnownFileType = sourcecode.c.h; path = CreateLessonView.h; sourceTree = "<group>"; };
		1E0BA8B41B403D86006DC7E9 /* CreateLessonView.m */ = {isa = PBXFileReference; fileEncoding = 4; lastKnownFileType = sourcecode.c.objc; path = CreateLessonView.m; sourceTree = "<group>"; };
		1E0BA8B51B403D86006DC7E9 /* CreateLessonView.xib */ = {isa = PBXFileReference; fileEncoding = 4; lastKnownFileType = file.xib; path = CreateLessonView.xib; sourceTree = "<group>"; };
		1E0BA8B71B403D86006DC7E9 /* LessonTableViewCell.h */ = {isa = PBXFileReference; fileEncoding = 4; lastKnownFileType = sourcecode.c.h; path = LessonTableViewCell.h; sourceTree = "<group>"; };
		1E0BA8B81B403D86006DC7E9 /* LessonTableViewCell.m */ = {isa = PBXFileReference; fileEncoding = 4; lastKnownFileType = sourcecode.c.objc; path = LessonTableViewCell.m; sourceTree = "<group>"; };
		1E0BA8B91B403D86006DC7E9 /* LessonTableViewCell.xib */ = {isa = PBXFileReference; fileEncoding = 4; lastKnownFileType = file.xib; path = LessonTableViewCell.xib; sourceTree = "<group>"; };
		1E0BA8F41B403EB8006DC7E9 /* DayDatePickerView.h */ = {isa = PBXFileReference; fileEncoding = 4; lastKnownFileType = sourcecode.c.h; path = DayDatePickerView.h; sourceTree = "<group>"; };
		1E0BA8F51B403EB8006DC7E9 /* DayDatePickerView.m */ = {isa = PBXFileReference; fileEncoding = 4; lastKnownFileType = sourcecode.c.objc; path = DayDatePickerView.m; sourceTree = "<group>"; };
		1E0BA9031B403EB8006DC7E9 /* TimePickerView.h */ = {isa = PBXFileReference; fileEncoding = 4; lastKnownFileType = sourcecode.c.h; path = TimePickerView.h; sourceTree = "<group>"; };
		1E0BA9041B403EB8006DC7E9 /* TimePickerView.m */ = {isa = PBXFileReference; fileEncoding = 4; lastKnownFileType = sourcecode.c.objc; path = TimePickerView.m; sourceTree = "<group>"; };
		1E9EAF321A7034E000576DD9 /* NotificationCenter.framework */ = {isa = PBXFileReference; lastKnownFileType = wrapper.framework; name = NotificationCenter.framework; path = System/Library/Frameworks/NotificationCenter.framework; sourceTree = SDKROOT; };
		1E9EAF361A7034E000576DD9 /* Info.plist */ = {isa = PBXFileReference; lastKnownFileType = text.plist.xml; path = Info.plist; sourceTree = "<group>"; };
		1E9EAF371A7034E000576DD9 /* TodayViewController.h */ = {isa = PBXFileReference; lastKnownFileType = sourcecode.c.h; path = TodayViewController.h; sourceTree = "<group>"; };
		1E9EAF381A7034E000576DD9 /* TodayViewController.m */ = {isa = PBXFileReference; lastKnownFileType = sourcecode.c.objc; path = TodayViewController.m; sourceTree = "<group>"; };
		1E9EAF3A1A7034E000576DD9 /* MainInterface.storyboard */ = {isa = PBXFileReference; lastKnownFileType = file.storyboard; path = MainInterface.storyboard; sourceTree = "<group>"; };
		1EAC43CA1A6598200042A064 /* Homework Planner.app */ = {isa = PBXFileReference; explicitFileType = wrapper.application; includeInIndex = 0; path = "Homework Planner.app"; sourceTree = BUILT_PRODUCTS_DIR; };
		1EAE0C911F67EB77005C8459 /* LaunchStoryboard.storyboard */ = {isa = PBXFileReference; fileEncoding = 4; lastKnownFileType = file.storyboard; path = LaunchStoryboard.storyboard; sourceTree = "<group>"; };
		1EAE0C9E1F67EC75005C8459 /* Base */ = {isa = PBXFileReference; lastKnownFileType = file.storyboard; name = Base; path = Main.storyboard; sourceTree = "<group>"; };
		1EAE0CA11F67ECA2005C8459 /* Base */ = {isa = PBXFileReference; lastKnownFileType = text.plist.strings; name = Base; path = Localizable.strings; sourceTree = "<group>"; };
		7B760143D6302489B6947B5C /* libPods-Homework Planner.a */ = {isa = PBXFileReference; explicitFileType = archive.ar; includeInIndex = 0; path = "libPods-Homework Planner.a"; sourceTree = BUILT_PRODUCTS_DIR; };
		E41A3CAFA2083003477D9693 /* Pods-Homework Planner.release.xcconfig */ = {isa = PBXFileReference; includeInIndex = 1; lastKnownFileType = text.xcconfig; name = "Pods-Homework Planner.release.xcconfig"; path = "Pods/Target Support Files/Pods-Homework Planner/Pods-Homework Planner.release.xcconfig"; sourceTree = "<group>"; };
		EFCCB8A7C52FDB3184F1058C /* Pods-Homework Planner.debug.xcconfig */ = {isa = PBXFileReference; includeInIndex = 1; lastKnownFileType = text.xcconfig; name = "Pods-Homework Planner.debug.xcconfig"; path = "Pods/Target Support Files/Pods-Homework Planner/Pods-Homework Planner.debug.xcconfig"; sourceTree = "<group>"; };
/* End PBXFileReference section */

/* Begin PBXFrameworksBuildPhase section */
		1EAC43C71A6598200042A064 /* Frameworks */ = {
			isa = PBXFrameworksBuildPhase;
			buildActionMask = 2147483647;
			files = (
				21B60963E56CCE84238B2CE7 /* libPods-Homework Planner.a in Frameworks */,
			);
			runOnlyForDeploymentPostprocessing = 0;
		};
/* End PBXFrameworksBuildPhase section */

/* Begin PBXGroup section */
		1E0BA84E1B403B42006DC7E9 /* School Planner */ = {
			isa = PBXGroup;
			children = (
				1E0BA8561B403D85006DC7E9 /* Model */,
				1E0BA8761B403D86006DC7E9 /* View */,
				1E0BA84F1B403D85006DC7E9 /* Controller */,
				1EAE0C8C1F67EB77005C8459 /* UI */,
				1E0BA86C1B403D86006DC7E9 /* Supporting Files */,
			);
			path = "School Planner";
			sourceTree = "<group>";
		};
		1E0BA84F1B403D85006DC7E9 /* Controller */ = {
			isa = PBXGroup;
			children = (
				1E0BA8501B403D85006DC7E9 /* CalendarViewController.h */,
				1E0BA8511B403D85006DC7E9 /* CalendarViewController.m */,
				1E0BA8521B403D85006DC7E9 /* HomeworkViewController.h */,
				1E0BA8531B403D85006DC7E9 /* HomeworkViewController.m */,
				1E0BA8541B403D85006DC7E9 /* TimetableViewController.h */,
				1E0BA8551B403D85006DC7E9 /* TimetableViewController.m */,
			);
			path = Controller;
			sourceTree = "<group>";
		};
		1E0BA8561B403D85006DC7E9 /* Model */ = {
			isa = PBXGroup;
			children = (
				1E0BA85F1B403D86006DC7E9 /* Managers */,
				1E0BA8571B403D85006DC7E9 /* Attachment.h */,
				1E0BA8581B403D85006DC7E9 /* Attachment.m */,
				1E0BA8591B403D85006DC7E9 /* Day.h */,
				1E0BA85A1B403D85006DC7E9 /* Day.m */,
				1E0BA85B1B403D85006DC7E9 /* Homework.h */,
				1E0BA85C1B403D85006DC7E9 /* Homework.m */,
				1E0BA85D1B403D86006DC7E9 /* Lesson.h */,
				1E0BA85E1B403D86006DC7E9 /* Lesson.m */,
				1E0BA86A1B403D86006DC7E9 /* Subject.h */,
				1E0BA86B1B403D86006DC7E9 /* Subject.m */,
			);
			path = Model;
			sourceTree = "<group>";
		};
		1E0BA85F1B403D86006DC7E9 /* Managers */ = {
			isa = PBXGroup;
			children = (
				1E0BA8601B403D86006DC7E9 /* DaysManager.h */,
				1E0BA8611B403D86006DC7E9 /* DaysManager.m */,
				1E0BA8621B403D86006DC7E9 /* HomeworkManager.h */,
				1E0BA8631B403D86006DC7E9 /* HomeworkManager.m */,
				1E0BA8641B403D86006DC7E9 /* IDGenerator.h */,
				1E0BA8651B403D86006DC7E9 /* IDGenerator.m */,
				1E0BA8661B403D86006DC7E9 /* SubjectsManager.h */,
				1E0BA8671B403D86006DC7E9 /* SubjectsManager.m */,
				1E0BA8681B403D86006DC7E9 /* TimetableManager.h */,
				1E0BA8691B403D86006DC7E9 /* TimetableManager.m */,
			);
			path = Managers;
			sourceTree = "<group>";
		};
		1E0BA86C1B403D86006DC7E9 /* Supporting Files */ = {
			isa = PBXGroup;
			children = (
				1E0BA86D1B403D86006DC7E9 /* AppDelegate.h */,
				1E0BA86E1B403D86006DC7E9 /* AppDelegate.m */,
				1E0BA86F1B403D86006DC7E9 /* Images.xcassets */,
				1E0BA8701B403D86006DC7E9 /* Info.plist */,
				1E0BA8711B403D86006DC7E9 /* main.m */,
			);
			path = "Supporting Files";
			sourceTree = "<group>";
		};
		1E0BA8761B403D86006DC7E9 /* View */ = {
			isa = PBXGroup;
			children = (
				1E0BA8771B403D86006DC7E9 /* Attachments */,
				1E0BA87F1B403D86006DC7E9 /* Common */,
				1E0BA8951B403D86006DC7E9 /* Homework */,
				1E0BA8AD1B403D86006DC7E9 /* Timetable */,
			);
			path = View;
			sourceTree = "<group>";
		};
		1E0BA8771B403D86006DC7E9 /* Attachments */ = {
			isa = PBXGroup;
			children = (
				1E0BA8781B403D86006DC7E9 /* AttachmentPreviewView.h */,
				1E0BA8791B403D86006DC7E9 /* AttachmentPreviewView.m */,
				1E0BA87A1B403D86006DC7E9 /* AttachmentTableViewCell.xib */,
				1E0BA87B1B403D86006DC7E9 /* CreatePhotoView.h */,
				1E0BA87C1B403D86006DC7E9 /* CreatePhotoView.m */,
				1E0BA87D1B403D86006DC7E9 /* CreateWebsiteView.h */,
				1E0BA87E1B403D86006DC7E9 /* CreateWebsiteView.m */,
			);
			path = Attachments;
			sourceTree = "<group>";
		};
		1E0BA87F1B403D86006DC7E9 /* Common */ = {
			isa = PBXGroup;
			children = (
				1E0BA8801B403D86006DC7E9 /* Day */,
				1E0BA8891B403D86006DC7E9 /* Subject */,
				1E0BA8F31B403EB8006DC7E9 /* DayDatePicker */,
			);
			path = Common;
			sourceTree = "<group>";
		};
		1E0BA8801B403D86006DC7E9 /* Day */ = {
			isa = PBXGroup;
			children = (
				1E0BA8811B403D86006DC7E9 /* Create Day */,
				1E0BA8841B403D86006DC7E9 /* View Day */,
			);
			path = Day;
			sourceTree = "<group>";
		};
		1E0BA8811B403D86006DC7E9 /* Create Day */ = {
			isa = PBXGroup;
			children = (
				1E0BA8821B403D86006DC7E9 /* CreateDayView.h */,
				1E0BA8831B403D86006DC7E9 /* CreateDayView.m */,
			);
			path = "Create Day";
			sourceTree = "<group>";
		};
		1E0BA8841B403D86006DC7E9 /* View Day */ = {
			isa = PBXGroup;
			children = (
				1E0BA8851B403D86006DC7E9 /* DaysView.h */,
				1E0BA8861B403D86006DC7E9 /* DaysView.m */,
				1E0BA8871B403D86006DC7E9 /* DaysView.xib */,
				1E0BA8881B403D86006DC7E9 /* DayTableViewCell.xib */,
			);
			path = "View Day";
			sourceTree = "<group>";
		};
		1E0BA8891B403D86006DC7E9 /* Subject */ = {
			isa = PBXGroup;
			children = (
				1E0BA88A1B403D86006DC7E9 /* Create Subject */,
				1E0BA88D1B403D86006DC7E9 /* View Subject */,
			);
			path = Subject;
			sourceTree = "<group>";
		};
		1E0BA88A1B403D86006DC7E9 /* Create Subject */ = {
			isa = PBXGroup;
			children = (
				1E0BA88B1B403D86006DC7E9 /* CreateSubjectView.h */,
				1E0BA88C1B403D86006DC7E9 /* CreateSubjectView.m */,
			);
			path = "Create Subject";
			sourceTree = "<group>";
		};
		1E0BA88D1B403D86006DC7E9 /* View Subject */ = {
			isa = PBXGroup;
			children = (
				1E0BA88E1B403D86006DC7E9 /* SubjectsView.h */,
				1E0BA88F1B403D86006DC7E9 /* SubjectsView.m */,
				1E0BA8901B403D86006DC7E9 /* SubjectsView.xib */,
				1E0BA8911B403D86006DC7E9 /* SubjectTableViewCell.xib */,
			);
			path = "View Subject";
			sourceTree = "<group>";
		};
		1E0BA8951B403D86006DC7E9 /* Homework */ = {
			isa = PBXGroup;
			children = (
				1E0BA8961B403D86006DC7E9 /* Create Homework */,
				1E0BA89E1B403D86006DC7E9 /* Search Homework */,
				1E0BA8A21B403D86006DC7E9 /* View Homework */,
			);
			path = Homework;
			sourceTree = "<group>";
		};
		1E0BA8961B403D86006DC7E9 /* Create Homework */ = {
			isa = PBXGroup;
			children = (
				1E0BA8971B403D86006DC7E9 /* CreateHomeworkDueDateView.h */,
				1E0BA8981B403D86006DC7E9 /* CreateHomeworkDueDateView.m */,
				1E0BA8991B403D86006DC7E9 /* CreateHomeworkView.h */,
				1E0BA89A1B403D86006DC7E9 /* CreateHomeworkView.m */,
				1E0BA89B1B403D86006DC7E9 /* CreateHomeworkView.xib */,
				1E0BA89C1B403D86006DC7E9 /* CreateHomeworkWorkSetView.h */,
				1E0BA89D1B403D86006DC7E9 /* CreateHomeworkWorkSetView.m */,
			);
			path = "Create Homework";
			sourceTree = "<group>";
		};
		1E0BA89E1B403D86006DC7E9 /* Search Homework */ = {
			isa = PBXGroup;
			children = (
				1E0BA89F1B403D86006DC7E9 /* SearchToolbar.h */,
				1E0BA8A01B403D86006DC7E9 /* SearchToolbar.m */,
				1E0BA8A11B403D86006DC7E9 /* SearchToolbar.xib */,
			);
			path = "Search Homework";
			sourceTree = "<group>";
		};
		1E0BA8A21B403D86006DC7E9 /* View Homework */ = {
			isa = PBXGroup;
			children = (
				1E0BA8A31B403D86006DC7E9 /* Homework Table View Cell */,
				1E0BA8A91B403D86006DC7E9 /* Quick Homework */,
			);
			path = "View Homework";
			sourceTree = "<group>";
		};
		1E0BA8A31B403D86006DC7E9 /* Homework Table View Cell */ = {
			isa = PBXGroup;
			children = (
				1E0BA8A41B403D86006DC7E9 /* HomeworkTableViewCell.h */,
				1E0BA8A51B403D86006DC7E9 /* HomeworkTableViewCell.m */,
				1E0BA8A61B403D86006DC7E9 /* HomeworkTableViewCell.xib */,
				1E0BA8A71B403D86006DC7E9 /* TickButton.h */,
				1E0BA8A81B403D86006DC7E9 /* TickButton.m */,
			);
			path = "Homework Table View Cell";
			sourceTree = "<group>";
		};
		1E0BA8A91B403D86006DC7E9 /* Quick Homework */ = {
			isa = PBXGroup;
			children = (
				1E0BA8AA1B403D86006DC7E9 /* QuickHomeworkView.h */,
				1E0BA8AB1B403D86006DC7E9 /* QuickHomeworkView.m */,
				1E0BA8AC1B403D86006DC7E9 /* QuickHomeworkView.xib */,
			);
			path = "Quick Homework";
			sourceTree = "<group>";
		};
		1E0BA8AD1B403D86006DC7E9 /* Timetable */ = {
			isa = PBXGroup;
			children = (
				1E0BA8AE1B403D86006DC7E9 /* Create Lesson */,
				1E0BA8B61B403D86006DC7E9 /* View Lesson */,
			);
			path = Timetable;
			sourceTree = "<group>";
		};
		1E0BA8AE1B403D86006DC7E9 /* Create Lesson */ = {
			isa = PBXGroup;
			children = (
				1E0BA8AF1B403D86006DC7E9 /* CreateLessonEndTimeView.h */,
				1E0BA8B01B403D86006DC7E9 /* CreateLessonEndTimeView.m */,
				1E0BA8B11B403D86006DC7E9 /* CreateLessonStartTimeView.h */,
				1E0BA8B21B403D86006DC7E9 /* CreateLessonStartTimeView.m */,
				1E0BA8B31B403D86006DC7E9 /* CreateLessonView.h */,
				1E0BA8B41B403D86006DC7E9 /* CreateLessonView.m */,
				1E0BA8B51B403D86006DC7E9 /* CreateLessonView.xib */,
			);
			path = "Create Lesson";
			sourceTree = "<group>";
		};
		1E0BA8B61B403D86006DC7E9 /* View Lesson */ = {
			isa = PBXGroup;
			children = (
				1E0BA8B71B403D86006DC7E9 /* LessonTableViewCell.h */,
				1E0BA8B81B403D86006DC7E9 /* LessonTableViewCell.m */,
				1E0BA8B91B403D86006DC7E9 /* LessonTableViewCell.xib */,
			);
			path = "View Lesson";
			sourceTree = "<group>";
		};
		1E0BA8F31B403EB8006DC7E9 /* DayDatePicker */ = {
			isa = PBXGroup;
			children = (
				1E0BA8F41B403EB8006DC7E9 /* DayDatePickerView.h */,
				1E0BA8F51B403EB8006DC7E9 /* DayDatePickerView.m */,
				1E0BA9031B403EB8006DC7E9 /* TimePickerView.h */,
				1E0BA9041B403EB8006DC7E9 /* TimePickerView.m */,
			);
			name = DayDatePicker;
			path = "../../../External Resources/day-date-picker/src";
			sourceTree = "<group>";
		};
		1E9EAF311A7034E000576DD9 /* Frameworks */ = {
			isa = PBXGroup;
			children = (
				1E9EAF321A7034E000576DD9 /* NotificationCenter.framework */,
				7B760143D6302489B6947B5C /* libPods-Homework Planner.a */,
			);
			name = Frameworks;
			sourceTree = "<group>";
		};
		1E9EAF341A7034E000576DD9 /* Today */ = {
			isa = PBXGroup;
			children = (
				1E9EAF371A7034E000576DD9 /* TodayViewController.h */,
				1E9EAF381A7034E000576DD9 /* TodayViewController.m */,
				1E9EAF3A1A7034E000576DD9 /* MainInterface.storyboard */,
				1E9EAF351A7034E000576DD9 /* Supporting Files */,
			);
			name = Today;
			path = today;
			sourceTree = "<group>";
		};
		1E9EAF351A7034E000576DD9 /* Supporting Files */ = {
			isa = PBXGroup;
			children = (
				1E9EAF361A7034E000576DD9 /* Info.plist */,
			);
			name = "Supporting Files";
			sourceTree = "<group>";
		};
		1EAC43C11A6598200042A064 = {
			isa = PBXGroup;
			children = (
				1E0BA84E1B403B42006DC7E9 /* School Planner */,
				1E9EAF341A7034E000576DD9 /* Today */,
				1E9EAF311A7034E000576DD9 /* Frameworks */,
				1EAC43CB1A6598200042A064 /* Products */,
				70122F34BBD2C659C2A9C659 /* Pods */,
			);
			sourceTree = "<group>";
		};
		1EAC43CB1A6598200042A064 /* Products */ = {
			isa = PBXGroup;
			children = (
				1EAC43CA1A6598200042A064 /* Homework Planner.app */,
			);
			name = Products;
			sourceTree = "<group>";
		};
		1EAE0C8C1F67EB77005C8459 /* UI */ = {
			isa = PBXGroup;
			children = (
				1EAE0C9C1F67EC75005C8459 /* Base.lproj */,
				1EAE0C911F67EB77005C8459 /* LaunchStoryboard.storyboard */,
			);
			path = UI;
			sourceTree = "<group>";
		};
		1EAE0C9C1F67EC75005C8459 /* Base.lproj */ = {
			isa = PBXGroup;
			children = (
				1EAE0C9D1F67EC75005C8459 /* Main.storyboard */,
				1EAE0CA01F67ECA2005C8459 /* Localizable.strings */,
			);
			path = Base.lproj;
			sourceTree = "<group>";
		};
		70122F34BBD2C659C2A9C659 /* Pods */ = {
			isa = PBXGroup;
			children = (
				EFCCB8A7C52FDB3184F1058C /* Pods-Homework Planner.debug.xcconfig */,
				E41A3CAFA2083003477D9693 /* Pods-Homework Planner.release.xcconfig */,
			);
			name = Pods;
			sourceTree = "<group>";
		};
/* End PBXGroup section */

/* Begin PBXNativeTarget section */
		1EAC43C91A6598200042A064 /* Homework Planner */ = {
			isa = PBXNativeTarget;
			buildConfigurationList = 1EAC43F01A6598210042A064 /* Build configuration list for PBXNativeTarget "Homework Planner" */;
			buildPhases = (
				B84EA25ACA1DE3A633350F63 /* [CP] Check Pods Manifest.lock */,
				1EAC43C61A6598200042A064 /* Sources */,
				1EAC43C71A6598200042A064 /* Frameworks */,
				1EAC43C81A6598200042A064 /* Resources */,
				1E9EAF421A7034E000576DD9 /* Embed App Extensions */,
				DA3BC84A796130C97FD30B2B /* [CP] Embed Pods Frameworks */,
				4121748F8C306CEFEAC14C5B /* [CP] Copy Pods Resources */,
			);
			buildRules = (
			);
			dependencies = (
			);
			name = "Homework Planner";
			productName = "Homework Planner & Diary";
			productReference = 1EAC43CA1A6598200042A064 /* Homework Planner.app */;
			productType = "com.apple.product-type.application";
		};
/* End PBXNativeTarget section */

/* Begin PBXProject section */
		1EAC43C21A6598200042A064 /* Project object */ = {
			isa = PBXProject;
			attributes = {
				LastUpgradeCheck = 0830;
				ORGANIZATIONNAME = "Hugh Bellamy";
				TargetAttributes = {
					1EAC43C91A6598200042A064 = {
						CreatedOnToolsVersion = 6.1.1;
						DevelopmentTeam = 998TJ8ABD3;
					};
				};
			};
			buildConfigurationList = 1EAC43C51A6598200042A064 /* Build configuration list for PBXProject "School Planner" */;
			compatibilityVersion = "Xcode 3.2";
			developmentRegion = English;
			hasScannedForEncodings = 0;
			knownRegions = (
				de,
				es,
				fr,
				he,
				it,
				nl,
				pl,
				pt,
				ro,
				ru,
				tr,
				"zh-Hans",
				"zh-Hant",
				Base,
			);
			mainGroup = 1EAC43C11A6598200042A064;
			productRefGroup = 1EAC43CB1A6598200042A064 /* Products */;
			projectDirPath = "";
			projectRoot = "";
			targets = (
				1EAC43C91A6598200042A064 /* Homework Planner */,
			);
		};
/* End PBXProject section */

/* Begin PBXResourcesBuildPhase section */
		1EAC43C81A6598200042A064 /* Resources */ = {
			isa = PBXResourcesBuildPhase;
			buildActionMask = 2147483647;
			files = (
				1E0BA8E41B403D86006DC7E9 /* QuickHomeworkView.xib in Resources */,
				1EAE0C941F67EB77005C8459 /* LaunchStoryboard.storyboard in Resources */,
				1E0BA8DC1B403D86006DC7E9 /* CreateHomeworkView.xib in Resources */,
				1E0BA8E81B403D86006DC7E9 /* CreateLessonView.xib in Resources */,
				1E0BA8E11B403D86006DC7E9 /* HomeworkTableViewCell.xib in Resources */,
				1E0BA8CE1B403D86006DC7E9 /* AttachmentTableViewCell.xib in Resources */,
				1E0BA8D31B403D86006DC7E9 /* DaysView.xib in Resources */,
				1EAE0C9F1F67EC75005C8459 /* Main.storyboard in Resources */,
				1E0BA8EA1B403D86006DC7E9 /* LessonTableViewCell.xib in Resources */,
				1E0BA8DF1B403D86006DC7E9 /* SearchToolbar.xib in Resources */,
				1EAE0CA21F67ECA2005C8459 /* Localizable.strings in Resources */,
				1E0BA8D81B403D86006DC7E9 /* SubjectTableViewCell.xib in Resources */,
				1E0BA8D41B403D86006DC7E9 /* DayTableViewCell.xib in Resources */,
				1E0BA8C81B403D86006DC7E9 /* Images.xcassets in Resources */,
				1E0BA8D71B403D86006DC7E9 /* SubjectsView.xib in Resources */,
			);
			runOnlyForDeploymentPostprocessing = 0;
		};
/* End PBXResourcesBuildPhase section */

/* Begin PBXShellScriptBuildPhase section */
		4121748F8C306CEFEAC14C5B /* [CP] Copy Pods Resources */ = {
			isa = PBXShellScriptBuildPhase;
			buildActionMask = 2147483647;
			files = (
			);
			inputPaths = (
				"${SRCROOT}/Pods/Target Support Files/Pods-Homework Planner/Pods-Homework Planner-resources.sh",
				"${PODS_ROOT}/BButton/BButton/resources/FontAwesome.ttf",
			);
			name = "[CP] Copy Pods Resources";
			outputPaths = (
				"${TARGET_BUILD_DIR}/${UNLOCALIZED_RESOURCES_FOLDER_PATH}",
			);
			runOnlyForDeploymentPostprocessing = 0;
			shellPath = /bin/sh;
			shellScript = "\"${SRCROOT}/Pods/Target Support Files/Pods-Homework Planner/Pods-Homework Planner-resources.sh\"\n";
			showEnvVarsInLog = 0;
		};
		B84EA25ACA1DE3A633350F63 /* [CP] Check Pods Manifest.lock */ = {
			isa = PBXShellScriptBuildPhase;
			buildActionMask = 2147483647;
			files = (
			);
			inputPaths = (
				"${PODS_PODFILE_DIR_PATH}/Podfile.lock",
				"${PODS_ROOT}/Manifest.lock",
			);
			name = "[CP] Check Pods Manifest.lock";
			outputPaths = (
				"$(DERIVED_FILE_DIR)/Pods-Homework Planner-checkManifestLockResult.txt",
			);
			runOnlyForDeploymentPostprocessing = 0;
			shellPath = /bin/sh;
			shellScript = "diff \"${PODS_PODFILE_DIR_PATH}/Podfile.lock\" \"${PODS_ROOT}/Manifest.lock\" > /dev/null\nif [ $? != 0 ] ; then\n    # print error to STDERR\n    echo \"error: The sandbox is not in sync with the Podfile.lock. Run 'pod install' or update your CocoaPods installation.\" >&2\n    exit 1\nfi\n# This output is used by Xcode 'outputs' to avoid re-running this script phase.\necho \"SUCCESS\" > \"${SCRIPT_OUTPUT_FILE_0}\"\n";
			showEnvVarsInLog = 0;
		};
		DA3BC84A796130C97FD30B2B /* [CP] Embed Pods Frameworks */ = {
			isa = PBXShellScriptBuildPhase;
			buildActionMask = 2147483647;
			files = (
			);
			inputPaths = (
			);
			name = "[CP] Embed Pods Frameworks";
			outputPaths = (
			);
			runOnlyForDeploymentPostprocessing = 0;
			shellPath = /bin/sh;
			shellScript = "\"${SRCROOT}/Pods/Target Support Files/Pods-Homework Planner/Pods-Homework Planner-frameworks.sh\"\n";
			showEnvVarsInLog = 0;
		};
/* End PBXShellScriptBuildPhase section */

/* Begin PBXSourcesBuildPhase section */
		1EAC43C61A6598200042A064 /* Sources */ = {
			isa = PBXSourcesBuildPhase;
			buildActionMask = 2147483647;
			files = (
				1E0BA8BD1B403D86006DC7E9 /* Attachment.m in Sources */,
				1E0BA8E71B403D86006DC7E9 /* CreateLessonView.m in Sources */,
				1E0BA8D61B403D86006DC7E9 /* SubjectsView.m in Sources */,
				1E0BA8E91B403D86006DC7E9 /* LessonTableViewCell.m in Sources */,
				1E0BA8D21B403D86006DC7E9 /* DaysView.m in Sources */,
				1E0BA8BF1B403D86006DC7E9 /* Homework.m in Sources */,
				1E0BA8BB1B403D86006DC7E9 /* HomeworkViewController.m in Sources */,
				1E0BA9051B403EB8006DC7E9 /* DayDatePickerView.m in Sources */,
				1E0BA8C01B403D86006DC7E9 /* Lesson.m in Sources */,
				1E0BA8E31B403D86006DC7E9 /* QuickHomeworkView.m in Sources */,
				1E0BA8E21B403D86006DC7E9 /* TickButton.m in Sources */,
				1E0BA8D01B403D86006DC7E9 /* CreateWebsiteView.m in Sources */,
				1E0BA8CF1B403D86006DC7E9 /* CreatePhotoView.m in Sources */,
				1E0BA8C21B403D86006DC7E9 /* HomeworkManager.m in Sources */,
				1E0BA8C61B403D86006DC7E9 /* Subject.m in Sources */,
				1E0BA8C71B403D86006DC7E9 /* AppDelegate.m in Sources */,
				1E0BA8D51B403D86006DC7E9 /* CreateSubjectView.m in Sources */,
				1E0BA8C11B403D86006DC7E9 /* DaysManager.m in Sources */,
				1E0BA8DA1B403D86006DC7E9 /* CreateHomeworkDueDateView.m in Sources */,
				1E0BA8D11B403D86006DC7E9 /* CreateDayView.m in Sources */,
				1E0BA8DD1B403D86006DC7E9 /* CreateHomeworkWorkSetView.m in Sources */,
				1E0BA8CD1B403D86006DC7E9 /* AttachmentPreviewView.m in Sources */,
				1E0BA8DE1B403D86006DC7E9 /* SearchToolbar.m in Sources */,
				1E0BA8E51B403D86006DC7E9 /* CreateLessonEndTimeView.m in Sources */,
				1E0BA8E61B403D86006DC7E9 /* CreateLessonStartTimeView.m in Sources */,
				1E0BA8BE1B403D86006DC7E9 /* Day.m in Sources */,
				1E0BA8BA1B403D86006DC7E9 /* CalendarViewController.m in Sources */,
				1E0BA8CA1B403D86006DC7E9 /* main.m in Sources */,
				1E0BA8C31B403D86006DC7E9 /* IDGenerator.m in Sources */,
				1E0BA8DB1B403D86006DC7E9 /* CreateHomeworkView.m in Sources */,
				1E0BA90C1B403EB8006DC7E9 /* TimePickerView.m in Sources */,
				1E0BA8C41B403D86006DC7E9 /* SubjectsManager.m in Sources */,
				1E0BA8E01B403D86006DC7E9 /* HomeworkTableViewCell.m in Sources */,
				1E0BA8BC1B403D86006DC7E9 /* TimetableViewController.m in Sources */,
				1E0BA8C51B403D86006DC7E9 /* TimetableManager.m in Sources */,
			);
			runOnlyForDeploymentPostprocessing = 0;
		};
/* End PBXSourcesBuildPhase section */

/* Begin PBXVariantGroup section */
		1EAE0C9D1F67EC75005C8459 /* Main.storyboard */ = {
			isa = PBXVariantGroup;
			children = (
				1EAE0C9E1F67EC75005C8459 /* Base */,
			);
			name = Main.storyboard;
			sourceTree = "<group>";
		};
		1EAE0CA01F67ECA2005C8459 /* Localizable.strings */ = {
			isa = PBXVariantGroup;
			children = (
				1EAE0CA11F67ECA2005C8459 /* Base */,
			);
			name = Localizable.strings;
			sourceTree = "<group>";
		};
/* End PBXVariantGroup section */

/* Begin XCBuildConfiguration section */
		1EAC43EE1A6598210042A064 /* Debug */ = {
			isa = XCBuildConfiguration;
			buildSettings = {
				ALWAYS_SEARCH_USER_PATHS = NO;
				CLANG_ANALYZER_LOCALIZABILITY_NONLOCALIZED = YES;
				CLANG_CXX_LANGUAGE_STANDARD = "gnu++0x";
				CLANG_CXX_LIBRARY = "libc++";
				CLANG_ENABLE_MODULES = YES;
				CLANG_ENABLE_OBJC_ARC = YES;
				CLANG_WARN_BOOL_CONVERSION = YES;
				CLANG_WARN_CONSTANT_CONVERSION = YES;
				CLANG_WARN_DIRECT_OBJC_ISA_USAGE = YES_ERROR;
				CLANG_WARN_EMPTY_BODY = YES;
				CLANG_WARN_ENUM_CONVERSION = YES;
				CLANG_WARN_INFINITE_RECURSION = YES;
				CLANG_WARN_INT_CONVERSION = YES;
				CLANG_WARN_OBJC_ROOT_CLASS = YES_ERROR;
				CLANG_WARN_SUSPICIOUS_MOVE = YES;
				CLANG_WARN_UNREACHABLE_CODE = YES;
				CLANG_WARN__DUPLICATE_METHOD_MATCH = YES;
				"CODE_SIGN_IDENTITY[sdk=iphoneos*]" = "iPhone Developer";
				COPY_PHASE_STRIP = NO;
				ENABLE_STRICT_OBJC_MSGSEND = YES;
				ENABLE_TESTABILITY = YES;
				GCC_C_LANGUAGE_STANDARD = gnu99;
				GCC_DYNAMIC_NO_PIC = NO;
				GCC_NO_COMMON_BLOCKS = YES;
				GCC_OPTIMIZATION_LEVEL = 0;
				GCC_PREPROCESSOR_DEFINITIONS = (
					"DEBUG=1",
					"$(inherited)",
				);
				GCC_SYMBOLS_PRIVATE_EXTERN = NO;
				GCC_WARN_64_TO_32_BIT_CONVERSION = YES;
				GCC_WARN_ABOUT_RETURN_TYPE = YES_ERROR;
				GCC_WARN_UNDECLARED_SELECTOR = YES;
				GCC_WARN_UNINITIALIZED_AUTOS = YES_AGGRESSIVE;
				GCC_WARN_UNUSED_FUNCTION = YES;
				GCC_WARN_UNUSED_VARIABLE = YES;
				IPHONEOS_DEPLOYMENT_TARGET = 8.1;
				MTL_ENABLE_DEBUG_INFO = YES;
				ONLY_ACTIVE_ARCH = YES;
				SDKROOT = iphoneos;
			};
			name = Debug;
		};
		1EAC43EF1A6598210042A064 /* Release */ = {
			isa = XCBuildConfiguration;
			buildSettings = {
				ALWAYS_SEARCH_USER_PATHS = NO;
				CLANG_ANALYZER_LOCALIZABILITY_NONLOCALIZED = YES;
				CLANG_CXX_LANGUAGE_STANDARD = "gnu++0x";
				CLANG_CXX_LIBRARY = "libc++";
				CLANG_ENABLE_MODULES = YES;
				CLANG_ENABLE_OBJC_ARC = YES;
				CLANG_WARN_BOOL_CONVERSION = YES;
				CLANG_WARN_CONSTANT_CONVERSION = YES;
				CLANG_WARN_DIRECT_OBJC_ISA_USAGE = YES_ERROR;
				CLANG_WARN_EMPTY_BODY = YES;
				CLANG_WARN_ENUM_CONVERSION = YES;
				CLANG_WARN_INFINITE_RECURSION = YES;
				CLANG_WARN_INT_CONVERSION = YES;
				CLANG_WARN_OBJC_ROOT_CLASS = YES_ERROR;
				CLANG_WARN_SUSPICIOUS_MOVE = YES;
				CLANG_WARN_UNREACHABLE_CODE = YES;
				CLANG_WARN__DUPLICATE_METHOD_MATCH = YES;
				"CODE_SIGN_IDENTITY[sdk=iphoneos*]" = "iPhone Developer";
				COPY_PHASE_STRIP = YES;
				ENABLE_NS_ASSERTIONS = NO;
				ENABLE_STRICT_OBJC_MSGSEND = YES;
				GCC_C_LANGUAGE_STANDARD = gnu99;
				GCC_NO_COMMON_BLOCKS = YES;
				GCC_WARN_64_TO_32_BIT_CONVERSION = YES;
				GCC_WARN_ABOUT_RETURN_TYPE = YES_ERROR;
				GCC_WARN_UNDECLARED_SELECTOR = YES;
				GCC_WARN_UNINITIALIZED_AUTOS = YES_AGGRESSIVE;
				GCC_WARN_UNUSED_FUNCTION = YES;
				GCC_WARN_UNUSED_VARIABLE = YES;
				IPHONEOS_DEPLOYMENT_TARGET = 8.1;
				MTL_ENABLE_DEBUG_INFO = NO;
				SDKROOT = iphoneos;
				VALIDATE_PRODUCT = YES;
			};
			name = Release;
		};
		1EAC43F11A6598210042A064 /* Debug */ = {
			isa = XCBuildConfiguration;
			baseConfigurationReference = EFCCB8A7C52FDB3184F1058C /* Pods-Homework Planner.debug.xcconfig */;
			buildSettings = {
				ASSETCATALOG_COMPILER_APPICON_NAME = AppIcon;
				CLANG_WARN_ASSIGN_ENUM = NO;
				CLANG_WARN_CXX0X_EXTENSIONS = YES;
				CLANG_WARN_DEPRECATED_OBJC_IMPLEMENTATIONS = YES;
				CLANG_WARN_DOCUMENTATION_COMMENTS = YES;
				CLANG_WARN_IMPLICIT_SIGN_CONVERSION = NO;
				CLANG_WARN_OBJC_EXPLICIT_OWNERSHIP_TYPE = YES;
				CLANG_WARN_OBJC_IMPLICIT_ATOMIC_PROPERTIES = YES;
				CLANG_WARN_OBJC_IMPLICIT_RETAIN_SELF = YES;
				CLANG_WARN_OBJC_MISSING_PROPERTY_SYNTHESIS = NO;
				CLANG_WARN_OBJC_RECEIVER_WEAK = NO;
				CLANG_WARN_OBJC_REPEATED_USE_OF_WEAK = NO;
				CLANG_WARN__EXIT_TIME_DESTRUCTORS = YES;
				CODE_SIGN_IDENTITY = "iPhone Developer";
				GCC_CHAR_IS_UNSIGNED_CHAR = NO;
				GCC_TREAT_IMPLICIT_FUNCTION_DECLARATIONS_AS_ERRORS = NO;
				GCC_WARN_ABOUT_MISSING_FIELD_INITIALIZERS = YES;
				GCC_WARN_ABOUT_MISSING_NEWLINE = YES;
				GCC_WARN_ABOUT_MISSING_PROTOTYPES = YES;
				GCC_WARN_HIDDEN_VIRTUAL_FUNCTIONS = YES;
				GCC_WARN_INITIALIZER_NOT_FULLY_BRACKETED = YES;
				GCC_WARN_MULTIPLE_DEFINITION_TYPES_FOR_SELECTOR = NO;
				GCC_WARN_NON_VIRTUAL_DESTRUCTOR = YES;
				GCC_WARN_SHADOW = YES;
				GCC_WARN_SIGN_COMPARE = YES;
				GCC_WARN_STRICT_SELECTOR_MATCH = YES;
				GCC_WARN_UNKNOWN_PRAGMAS = YES;
				GCC_WARN_UNUSED_LABEL = YES;
				INFOPLIST_FILE = "$(SRCROOT)/School Planner/Supporting Files/Info.plist";
				LD_RUNPATH_SEARCH_PATHS = "$(inherited) @executable_path/Frameworks";
				PRODUCT_BUNDLE_IDENTIFIER = "com.hughbellamy.school-planner";
				PRODUCT_NAME = "Homework Planner";
			};
			name = Debug;
		};
		1EAC43F21A6598210042A064 /* Release */ = {
			isa = XCBuildConfiguration;
			baseConfigurationReference = E41A3CAFA2083003477D9693 /* Pods-Homework Planner.release.xcconfig */;
			buildSettings = {
				ASSETCATALOG_COMPILER_APPICON_NAME = AppIcon;
				CLANG_WARN_ASSIGN_ENUM = NO;
				CLANG_WARN_CXX0X_EXTENSIONS = YES;
				CLANG_WARN_DEPRECATED_OBJC_IMPLEMENTATIONS = YES;
				CLANG_WARN_DOCUMENTATION_COMMENTS = YES;
				CLANG_WARN_IMPLICIT_SIGN_CONVERSION = NO;
				CLANG_WARN_OBJC_EXPLICIT_OWNERSHIP_TYPE = YES;
				CLANG_WARN_OBJC_IMPLICIT_ATOMIC_PROPERTIES = YES;
				CLANG_WARN_OBJC_IMPLICIT_RETAIN_SELF = YES;
				CLANG_WARN_OBJC_MISSING_PROPERTY_SYNTHESIS = NO;
				CLANG_WARN_OBJC_RECEIVER_WEAK = NO;
				CLANG_WARN_OBJC_REPEATED_USE_OF_WEAK = NO;
				CLANG_WARN__EXIT_TIME_DESTRUCTORS = YES;
				CODE_SIGN_IDENTITY = "iPhone Developer";
				GCC_CHAR_IS_UNSIGNED_CHAR = NO;
				GCC_TREAT_IMPLICIT_FUNCTION_DECLARATIONS_AS_ERRORS = NO;
				GCC_WARN_ABOUT_MISSING_FIELD_INITIALIZERS = YES;
				GCC_WARN_ABOUT_MISSING_NEWLINE = YES;
				GCC_WARN_ABOUT_MISSING_PROTOTYPES = YES;
				GCC_WARN_HIDDEN_VIRTUAL_FUNCTIONS = YES;
				GCC_WARN_INITIALIZER_NOT_FULLY_BRACKETED = YES;
				GCC_WARN_MULTIPLE_DEFINITION_TYPES_FOR_SELECTOR = NO;
				GCC_WARN_NON_VIRTUAL_DESTRUCTOR = YES;
				GCC_WARN_SHADOW = YES;
				GCC_WARN_SIGN_COMPARE = YES;
				GCC_WARN_STRICT_SELECTOR_MATCH = YES;
				GCC_WARN_UNKNOWN_PRAGMAS = YES;
				GCC_WARN_UNUSED_LABEL = YES;
				INFOPLIST_FILE = "$(SRCROOT)/School Planner/Supporting Files/Info.plist";
				LD_RUNPATH_SEARCH_PATHS = "$(inherited) @executable_path/Frameworks";
				PRODUCT_BUNDLE_IDENTIFIER = "com.hughbellamy.school-planner";
				PRODUCT_NAME = "Homework Planner";
			};
			name = Release;
		};
/* End XCBuildConfiguration section */

/* Begin XCConfigurationList section */
		1EAC43C51A6598200042A064 /* Build configuration list for PBXProject "School Planner" */ = {
			isa = XCConfigurationList;
			buildConfigurations = (
				1EAC43EE1A6598210042A064 /* Debug */,
				1EAC43EF1A6598210042A064 /* Release */,
			);
			defaultConfigurationIsVisible = 0;
			defaultConfigurationName = Release;
		};
		1EAC43F01A6598210042A064 /* Build configuration list for PBXNativeTarget "Homework Planner" */ = {
			isa = XCConfigurationList;
			buildConfigurations = (
				1EAC43F11A6598210042A064 /* Debug */,
				1EAC43F21A6598210042A064 /* Release */,
			);
			defaultConfigurationIsVisible = 0;
			defaultConfigurationName = Release;
		};
/* End XCConfigurationList section */
	};
	rootObject = 1EAC43C21A6598200042A064 /* Project object */;
}
